PODS:
  - Alamofire (4.7.2)
  - AlamofireImage (3.3.1):
    - Alamofire (~> 4.5)
  - CollectionViewSlantedLayout (3.0.1)
  - GoogleMaps (2.7.0):
    - GoogleMaps/Maps (= 2.7.0)
  - GoogleMaps/Base (2.7.0)
  - GoogleMaps/Maps (2.7.0):
    - GoogleMaps/Base
  - GooglePlaces (2.7.0):
    - GoogleMaps/Base (= 2.7.0)
  - SideMenu (4.0.0)
  - SwiftyJSON (4.1.0)
  - TTGEmojiRate (0.3.0)

DEPENDENCIES:
  - Alamofire (~> 4.7)
  - AlamofireImage
  - CollectionViewSlantedLayout
  - GoogleMaps
  - GooglePlaces
  - SideMenu
  - SwiftyJSON
  - TTGEmojiRate

SPEC REPOS:
  https://github.com/cocoapods/specs.git:
    - Alamofire
    - AlamofireImage
    - CollectionViewSlantedLayout
    - GoogleMaps
    - GooglePlaces
    - SideMenu
    - SwiftyJSON
    - TTGEmojiRate

SPEC CHECKSUMS:
  Alamofire: e4fa87002c137ba2d8d634d2c51fabcda0d5c223
  AlamofireImage: 3b35b586853abaf94ca1250f4e94cff3c21a4c0d
  CollectionViewSlantedLayout: 8c8ebc112e3ac1c3318a916aa9c8d9f1901f0dd9
  GoogleMaps: f79af95cb24d869457b1f961c93d3ce8b2f3b848
  GooglePlaces: 3d06e6c99654545b4738ce49648745779c25f2ef
  SideMenu: 70ee5657df63ec3382660ec4ef470bf1cf5db07d
  SwiftyJSON: c29297daf073d2aa016295d5809cdd68045c39b3
  TTGEmojiRate: 9b295b22e42874acfd717a9ae606e259995b83d0

PODFILE CHECKSUM: f40d61a7fe875c2c071f2cc0e406117db10e6746

COCOAPODS: 1.5.3
