// !$*UTF8*$!
{
	archiveVersion = 1;
	classes = {
	};
	objectVersion = 50;
	objects = {

/* Begin PBXBuildFile section */
		66E945859A2E5A4575724D4D /* Pods_perx2.framework in Frameworks */ = {isa = PBXBuildFile; fileRef = 65D194AFED45D90DBA7C55FD /* Pods_perx2.framework */; };
		837EADF520E8362800837DEE /* AppDelegate.swift in Sources */ = {isa = PBXBuildFile; fileRef = 837EADF420E8362800837DEE /* AppDelegate.swift */; };
		837EADFA20E8362800837DEE /* Main.storyboard in Resources */ = {isa = PBXBuildFile; fileRef = 837EADF820E8362800837DEE /* Main.storyboard */; };
		837EADFD20E8362800837DEE /* perx2.xcdatamodeld in Sources */ = {isa = PBXBuildFile; fileRef = 837EADFB20E8362800837DEE /* perx2.xcdatamodeld */; };
		837EAE1820E9265C00837DEE /* SettingsController.swift in Sources */ = {isa = PBXBuildFile; fileRef = 837EAE1720E9265C00837DEE /* SettingsController.swift */; };
		837EAE1A20E9267600837DEE /* CustomCollectionCell.swift in Sources */ = {isa = PBXBuildFile; fileRef = 837EAE1920E9267600837DEE /* CustomCollectionCell.swift */; };
		837EAE1D20E9268700837DEE /* UIColor+Random.swift in Sources */ = {isa = PBXBuildFile; fileRef = 837EAE1C20E9268600837DEE /* UIColor+Random.swift */; };
		837EAE2220E92DED00837DEE /* BrandViewController.swift in Sources */ = {isa = PBXBuildFile; fileRef = 837EAE2120E92B7300837DEE /* BrandViewController.swift */; };
		837EAE2E20E92F6F00837DEE /* LaunchScreen.storyboard in Resources */ = {isa = PBXBuildFile; fileRef = 837EAE2C20E92F6100837DEE /* LaunchScreen.storyboard */; };
		837EAE3020E92F8A00837DEE /* Assets.xcassets in Resources */ = {isa = PBXBuildFile; fileRef = 837EAE2F20E92F8A00837DEE /* Assets.xcassets */; };
		83D28E8F20E9C58300D36056 /* CandyTheme.swift in Sources */ = {isa = PBXBuildFile; fileRef = 83D28E8A20E9C58100D36056 /* CandyTheme.swift */; };
		83D28E9020E9C58300D36056 /* Candy.swift in Sources */ = {isa = PBXBuildFile; fileRef = 83D28E8B20E9C58100D36056 /* Candy.swift */; };
		83D28E9120E9C58300D36056 /* SearchFooter.swift in Sources */ = {isa = PBXBuildFile; fileRef = 83D28E8C20E9C58200D36056 /* SearchFooter.swift */; };
		83D28E9220E9C58300D36056 /* MasterViewController.swift in Sources */ = {isa = PBXBuildFile; fileRef = 83D28E8D20E9C58200D36056 /* MasterViewController.swift */; };
		83D28E9320E9C58300D36056 /* DetailViewController.swift in Sources */ = {isa = PBXBuildFile; fileRef = 83D28E8E20E9C58200D36056 /* DetailViewController.swift */; };
		83FE1DCE20E93122003597A8 /* covers.plist in Resources */ = {isa = PBXBuildFile; fileRef = 83FE1DCD20E93122003597A8 /* covers.plist */; };
/* End PBXBuildFile section */

/* Begin PBXFileReference section */
		65D194AFED45D90DBA7C55FD /* Pods_perx2.framework */ = {isa = PBXFileReference; explicitFileType = wrapper.framework; includeInIndex = 0; path = Pods_perx2.framework; sourceTree = BUILT_PRODUCTS_DIR; };
		796F8DB3433D122EBE890DE7 /* Pods-perx2.release.xcconfig */ = {isa = PBXFileReference; includeInIndex = 1; lastKnownFileType = text.xcconfig; name = "Pods-perx2.release.xcconfig"; path = "Pods/Target Support Files/Pods-perx2/Pods-perx2.release.xcconfig"; sourceTree = "<group>"; };
		7ECCC5EB20EAF1BB3F8EA19B /* Pods-perx2.debug.xcconfig */ = {isa = PBXFileReference; includeInIndex = 1; lastKnownFileType = text.xcconfig; name = "Pods-perx2.debug.xcconfig"; path = "Pods/Target Support Files/Pods-perx2/Pods-perx2.debug.xcconfig"; sourceTree = "<group>"; };
		837EADF120E8362800837DEE /* perx2.app */ = {isa = PBXFileReference; explicitFileType = wrapper.application; includeInIndex = 0; path = perx2.app; sourceTree = BUILT_PRODUCTS_DIR; };
		837EADF420E8362800837DEE /* AppDelegate.swift */ = {isa = PBXFileReference; lastKnownFileType = sourcecode.swift; path = AppDelegate.swift; sourceTree = "<group>"; };
		837EADF920E8362800837DEE /* Base */ = {isa = PBXFileReference; lastKnownFileType = file.storyboard; name = Base; path = Base.lproj/Main.storyboard; sourceTree = "<group>"; };
		837EADFC20E8362800837DEE /* perx2.xcdatamodel */ = {isa = PBXFileReference; lastKnownFileType = wrapper.xcdatamodel; path = perx2.xcdatamodel; sourceTree = "<group>"; };
		837EAE0120E8362A00837DEE /* Base */ = {isa = PBXFileReference; lastKnownFileType = file.storyboard; name = Base; path = Base.lproj/LaunchScreen.storyboard; sourceTree = "<group>"; };
		837EAE0320E8362A00837DEE /* Info.plist */ = {isa = PBXFileReference; lastKnownFileType = text.plist.xml; path = Info.plist; sourceTree = "<group>"; };
		837EAE1720E9265C00837DEE /* SettingsController.swift */ = {isa = PBXFileReference; lastKnownFileType = sourcecode.swift; path = SettingsController.swift; sourceTree = "<group>"; };
		837EAE1920E9267600837DEE /* CustomCollectionCell.swift */ = {isa = PBXFileReference; lastKnownFileType = sourcecode.swift; path = CustomCollectionCell.swift; sourceTree = "<group>"; };
		837EAE1C20E9268600837DEE /* UIColor+Random.swift */ = {isa = PBXFileReference; lastKnownFileType = sourcecode.swift; name = "UIColor+Random.swift"; path = "CollectionViewSlantedLayoutDemo/UIColor+Random.swift"; sourceTree = "<group>"; };
		837EAE1E20E926C800837DEE /* Assets.xcassets */ = {isa = PBXFileReference; lastKnownFileType = folder.assetcatalog; name = Assets.xcassets; path = CollectionViewSlantedLayoutDemo/Assets.xcassets; sourceTree = "<group>"; };
		837EAE2120E92B7300837DEE /* BrandViewController.swift */ = {isa = PBXFileReference; lastKnownFileType = sourcecode.swift; path = BrandViewController.swift; sourceTree = "<group>"; };
		837EAE2C20E92F6100837DEE /* LaunchScreen.storyboard */ = {isa = PBXFileReference; fileEncoding = 4; lastKnownFileType = file.storyboard; path = LaunchScreen.storyboard; sourceTree = "<group>"; };
		837EAE2F20E92F8A00837DEE /* Assets.xcassets */ = {isa = PBXFileReference; lastKnownFileType = folder.assetcatalog; name = Assets.xcassets; path = ../../Downloads/Final_Project/Pinterest/Assets/Assets.xcassets; sourceTree = "<group>"; };
		83D28E8A20E9C58100D36056 /* CandyTheme.swift */ = {isa = PBXFileReference; fileEncoding = 4; lastKnownFileType = sourcecode.swift; path = CandyTheme.swift; sourceTree = "<group>"; };
		83D28E8B20E9C58100D36056 /* Candy.swift */ = {isa = PBXFileReference; fileEncoding = 4; lastKnownFileType = sourcecode.swift; path = Candy.swift; sourceTree = "<group>"; };
		83D28E8C20E9C58200D36056 /* SearchFooter.swift */ = {isa = PBXFileReference; fileEncoding = 4; lastKnownFileType = sourcecode.swift; path = SearchFooter.swift; sourceTree = "<group>"; };
		83D28E8D20E9C58200D36056 /* MasterViewController.swift */ = {isa = PBXFileReference; fileEncoding = 4; lastKnownFileType = sourcecode.swift; path = MasterViewController.swift; sourceTree = "<group>"; };
		83D28E8E20E9C58200D36056 /* DetailViewController.swift */ = {isa = PBXFileReference; fileEncoding = 4; lastKnownFileType = sourcecode.swift; path = DetailViewController.swift; sourceTree = "<group>"; };
		83FE1DCD20E93122003597A8 /* covers.plist */ = {isa = PBXFileReference; fileEncoding = 4; lastKnownFileType = text.plist.xml; name = covers.plist; path = Controllers/covers.plist; sourceTree = "<group>"; };
/* End PBXFileReference section */

/* Begin PBXFrameworksBuildPhase section */
		837EADEE20E8362700837DEE /* Frameworks */ = {
			isa = PBXFrameworksBuildPhase;
			buildActionMask = 2147483647;
			files = (
				66E945859A2E5A4575724D4D /* Pods_perx2.framework in Frameworks */,
			);
			runOnlyForDeploymentPostprocessing = 0;
		};
/* End PBXFrameworksBuildPhase section */

/* Begin PBXGroup section */
		4395CF39941F1ED204565E6E /* Frameworks */ = {
			isa = PBXGroup;
			children = (
				65D194AFED45D90DBA7C55FD /* Pods_perx2.framework */,
			);
			name = Frameworks;
			sourceTree = "<group>";
		};
		837EADE820E8362700837DEE = {
			isa = PBXGroup;
			children = (
				837EADF320E8362800837DEE /* perx2 */,
				837EADF220E8362800837DEE /* Products */,
				D843CD11234321B342F08BFF /* Pods */,
				4395CF39941F1ED204565E6E /* Frameworks */,
			);
			sourceTree = "<group>";
		};
		837EADF220E8362800837DEE /* Products */ = {
			isa = PBXGroup;
			children = (
				837EADF120E8362800837DEE /* perx2.app */,
			);
			name = Products;
			sourceTree = "<group>";
		};
		837EADF320E8362800837DEE /* perx2 */ = {
			isa = PBXGroup;
			children = (
				837EADF420E8362800837DEE /* AppDelegate.swift */,
				837EAE2020E92B1900837DEE /* Views */,
				837EAE1F20E92B0500837DEE /* Controllers */,
				837EAE1E20E926C800837DEE /* Assets.xcassets */,
				837EAE2F20E92F8A00837DEE /* Assets.xcassets */,
				837EAE1C20E9268600837DEE /* UIColor+Random.swift */,
				837EADF820E8362800837DEE /* Main.storyboard */,
				837EAE0020E8362A00837DEE /* LaunchScreen.storyboard */,
				837EAE2C20E92F6100837DEE /* LaunchScreen.storyboard */,
				83FE1DCD20E93122003597A8 /* covers.plist */,
				837EAE0320E8362A00837DEE /* Info.plist */,
				837EADFB20E8362800837DEE /* perx2.xcdatamodeld */,
			);
			path = perx2;
			sourceTree = "<group>";
		};
		837EAE1F20E92B0500837DEE /* Controllers */ = {
			isa = PBXGroup;
			children = (
				837EAE1720E9265C00837DEE /* SettingsController.swift */,
				83D28E8B20E9C58100D36056 /* Candy.swift */,
				83D28E8A20E9C58100D36056 /* CandyTheme.swift */,
				83D28E8E20E9C58200D36056 /* DetailViewController.swift */,
				83D28E8D20E9C58200D36056 /* MasterViewController.swift */,
				83D28E8C20E9C58200D36056 /* SearchFooter.swift */,
				837EAE2120E92B7300837DEE /* BrandViewController.swift */,
			);
			path = Controllers;
			sourceTree = "<group>";
		};
		837EAE2020E92B1900837DEE /* Views */ = {
			isa = PBXGroup;
			children = (
				837EAE1920E9267600837DEE /* CustomCollectionCell.swift */,
			);
			path = Views;
			sourceTree = "<group>";
		};
		D843CD11234321B342F08BFF /* Pods */ = {
			isa = PBXGroup;
			children = (
				7ECCC5EB20EAF1BB3F8EA19B /* Pods-perx2.debug.xcconfig */,
				796F8DB3433D122EBE890DE7 /* Pods-perx2.release.xcconfig */,
			);
			name = Pods;
			sourceTree = "<group>";
		};
/* End PBXGroup section */

/* Begin PBXNativeTarget section */
		837EADF020E8362700837DEE /* perx2 */ = {
			isa = PBXNativeTarget;
			buildConfigurationList = 837EAE0620E8362A00837DEE /* Build configuration list for PBXNativeTarget "perx2" */;
			buildPhases = (
				B3B95C1E190DC8ED900021A3 /* [CP] Check Pods Manifest.lock */,
				837EADED20E8362700837DEE /* Sources */,
				837EADEE20E8362700837DEE /* Frameworks */,
				837EADEF20E8362700837DEE /* Resources */,
				4630B0246179AB5AAAF5D4AB /* [CP] Embed Pods Frameworks */,
			);
			buildRules = (
			);
			dependencies = (
			);
			name = perx2;
			productName = perx2;
			productReference = 837EADF120E8362800837DEE /* perx2.app */;
			productType = "com.apple.product-type.application";
		};
/* End PBXNativeTarget section */

/* Begin PBXProject section */
		837EADE920E8362700837DEE /* Project object */ = {
			isa = PBXProject;
			attributes = {
				LastSwiftUpdateCheck = 0940;
				LastUpgradeCheck = 0940;
				ORGANIZATIONNAME = "Montreaux Rodgers";
				TargetAttributes = {
					837EADF020E8362700837DEE = {
						CreatedOnToolsVersion = 9.4.1;
					};
				};
			};
			buildConfigurationList = 837EADEC20E8362700837DEE /* Build configuration list for PBXProject "perx2" */;
			compatibilityVersion = "Xcode 9.3";
			developmentRegion = en;
			hasScannedForEncodings = 0;
			knownRegions = (
				en,
				Base,
			);
			mainGroup = 837EADE820E8362700837DEE;
			productRefGroup = 837EADF220E8362800837DEE /* Products */;
			projectDirPath = "";
			projectRoot = "";
			targets = (
				837EADF020E8362700837DEE /* perx2 */,
			);
		};
/* End PBXProject section */

/* Begin PBXResourcesBuildPhase section */
		837EADEF20E8362700837DEE /* Resources */ = {
			isa = PBXResourcesBuildPhase;
			buildActionMask = 2147483647;
			files = (
				837EAE2E20E92F6F00837DEE /* LaunchScreen.storyboard in Resources */,
				83FE1DCE20E93122003597A8 /* covers.plist in Resources */,
				837EAE3020E92F8A00837DEE /* Assets.xcassets in Resources */,
				837EADFA20E8362800837DEE /* Main.storyboard in Resources */,
			);
			runOnlyForDeploymentPostprocessing = 0;
		};
/* End PBXResourcesBuildPhase section */

/* Begin PBXShellScriptBuildPhase section */
		4630B0246179AB5AAAF5D4AB /* [CP] Embed Pods Frameworks */ = {
			isa = PBXShellScriptBuildPhase;
			buildActionMask = 2147483647;
			files = (
			);
			inputPaths = (
				"${SRCROOT}/Pods/Target Support Files/Pods-perx2/Pods-perx2-frameworks.sh",
				"${BUILT_PRODUCTS_DIR}/CollectionViewSlantedLayout/CollectionViewSlantedLayout.framework",
				"${BUILT_PRODUCTS_DIR}/SideMenu/SideMenu.framework",
				"${BUILT_PRODUCTS_DIR}/TTGEmojiRate/TTGEmojiRate.framework",
			);
			name = "[CP] Embed Pods Frameworks";
			outputPaths = (
				"${TARGET_BUILD_DIR}/${FRAMEWORKS_FOLDER_PATH}/CollectionViewSlantedLayout.framework",
				"${TARGET_BUILD_DIR}/${FRAMEWORKS_FOLDER_PATH}/SideMenu.framework",
				"${TARGET_BUILD_DIR}/${FRAMEWORKS_FOLDER_PATH}/TTGEmojiRate.framework",
			);
			runOnlyForDeploymentPostprocessing = 0;
			shellPath = /bin/sh;
			shellScript = "\"${SRCROOT}/Pods/Target Support Files/Pods-perx2/Pods-perx2-frameworks.sh\"\n";
			showEnvVarsInLog = 0;
		};
		B3B95C1E190DC8ED900021A3 /* [CP] Check Pods Manifest.lock */ = {
			isa = PBXShellScriptBuildPhase;
			buildActionMask = 2147483647;
			files = (
			);
			inputPaths = (
				"${PODS_PODFILE_DIR_PATH}/Podfile.lock",
				"${PODS_ROOT}/Manifest.lock",
			);
			name = "[CP] Check Pods Manifest.lock";
			outputPaths = (
				"$(DERIVED_FILE_DIR)/Pods-perx2-checkManifestLockResult.txt",
			);
			runOnlyForDeploymentPostprocessing = 0;
			shellPath = /bin/sh;
			shellScript = "diff \"${PODS_PODFILE_DIR_PATH}/Podfile.lock\" \"${PODS_ROOT}/Manifest.lock\" > /dev/null\nif [ $? != 0 ] ; then\n    # print error to STDERR\n    echo \"error: The sandbox is not in sync with the Podfile.lock. Run 'pod install' or update your CocoaPods installation.\" >&2\n    exit 1\nfi\n# This output is used by Xcode 'outputs' to avoid re-running this script phase.\necho \"SUCCESS\" > \"${SCRIPT_OUTPUT_FILE_0}\"\n";
			showEnvVarsInLog = 0;
		};
/* End PBXShellScriptBuildPhase section */

/* Begin PBXSourcesBuildPhase section */
		837EADED20E8362700837DEE /* Sources */ = {
			isa = PBXSourcesBuildPhase;
			buildActionMask = 2147483647;
			files = (
				83D28E9320E9C58300D36056 /* DetailViewController.swift in Sources */,
				83D28E9220E9C58300D36056 /* MasterViewController.swift in Sources */,
				837EAE2220E92DED00837DEE /* BrandViewController.swift in Sources */,
				837EAE1820E9265C00837DEE /* SettingsController.swift in Sources */,
				83D28E8F20E9C58300D36056 /* CandyTheme.swift in Sources */,
				837EAE1A20E9267600837DEE /* CustomCollectionCell.swift in Sources */,
				83D28E9120E9C58300D36056 /* SearchFooter.swift in Sources */,
				837EADF520E8362800837DEE /* AppDelegate.swift in Sources */,
				83D28E9020E9C58300D36056 /* Candy.swift in Sources */,
				837EAE1D20E9268700837DEE /* UIColor+Random.swift in Sources */,
				837EADFD20E8362800837DEE /* perx2.xcdatamodeld in Sources */,
			);
			runOnlyForDeploymentPostprocessing = 0;
		};
/* End PBXSourcesBuildPhase section */

/* Begin PBXVariantGroup section */
		837EADF820E8362800837DEE /* Main.storyboard */ = {
			isa = PBXVariantGroup;
			children = (
				837EADF920E8362800837DEE /* Base */,
			);
			name = Main.storyboard;
			sourceTree = "<group>";
		};
		837EAE0020E8362A00837DEE /* LaunchScreen.storyboard */ = {
			isa = PBXVariantGroup;
			children = (
				837EAE0120E8362A00837DEE /* Base */,
			);
			name = LaunchScreen.storyboard;
			sourceTree = "<group>";
		};
/* End PBXVariantGroup section */

/* Begin XCBuildConfiguration section */
		837EAE0420E8362A00837DEE /* Debug */ = {
			isa = XCBuildConfiguration;
			buildSettings = {
				ALWAYS_SEARCH_USER_PATHS = NO;
				CLANG_ANALYZER_NONNULL = YES;
				CLANG_ANALYZER_NUMBER_OBJECT_CONVERSION = YES_AGGRESSIVE;
				CLANG_CXX_LANGUAGE_STANDARD = "gnu++14";
				CLANG_CXX_LIBRARY = "libc++";
				CLANG_ENABLE_MODULES = YES;
				CLANG_ENABLE_OBJC_ARC = YES;
				CLANG_ENABLE_OBJC_WEAK = YES;
				CLANG_WARN_BLOCK_CAPTURE_AUTORELEASING = YES;
				CLANG_WARN_BOOL_CONVERSION = YES;
				CLANG_WARN_COMMA = YES;
				CLANG_WARN_CONSTANT_CONVERSION = YES;
				CLANG_WARN_DEPRECATED_OBJC_IMPLEMENTATIONS = YES;
				CLANG_WARN_DIRECT_OBJC_ISA_USAGE = YES_ERROR;
				CLANG_WARN_DOCUMENTATION_COMMENTS = YES;
				CLANG_WARN_EMPTY_BODY = YES;
				CLANG_WARN_ENUM_CONVERSION = YES;
				CLANG_WARN_INFINITE_RECURSION = YES;
				CLANG_WARN_INT_CONVERSION = YES;
				CLANG_WARN_NON_LITERAL_NULL_CONVERSION = YES;
				CLANG_WARN_OBJC_IMPLICIT_RETAIN_SELF = YES;
				CLANG_WARN_OBJC_LITERAL_CONVERSION = YES;
				CLANG_WARN_OBJC_ROOT_CLASS = YES_ERROR;
				CLANG_WARN_RANGE_LOOP_ANALYSIS = YES;
				CLANG_WARN_STRICT_PROTOTYPES = YES;
				CLANG_WARN_SUSPICIOUS_MOVE = YES;
				CLANG_WARN_UNGUARDED_AVAILABILITY = YES_AGGRESSIVE;
				CLANG_WARN_UNREACHABLE_CODE = YES;
				CLANG_WARN__DUPLICATE_METHOD_MATCH = YES;
				CODE_SIGN_IDENTITY = "iPhone Developer";
				COPY_PHASE_STRIP = NO;
				DEBUG_INFORMATION_FORMAT = dwarf;
				ENABLE_STRICT_OBJC_MSGSEND = YES;
				ENABLE_TESTABILITY = YES;
				GCC_C_LANGUAGE_STANDARD = gnu11;
				GCC_DYNAMIC_NO_PIC = NO;
				GCC_NO_COMMON_BLOCKS = YES;
				GCC_OPTIMIZATION_LEVEL = 0;
				GCC_PREPROCESSOR_DEFINITIONS = (
					"DEBUG=1",
					"$(inherited)",
				);
				GCC_WARN_64_TO_32_BIT_CONVERSION = YES;
				GCC_WARN_ABOUT_RETURN_TYPE = YES_ERROR;
				GCC_WARN_UNDECLARED_SELECTOR = YES;
				GCC_WARN_UNINITIALIZED_AUTOS = YES_AGGRESSIVE;
				GCC_WARN_UNUSED_FUNCTION = YES;
				GCC_WARN_UNUSED_VARIABLE = YES;
				IPHONEOS_DEPLOYMENT_TARGET = 11.4;
				MTL_ENABLE_DEBUG_INFO = YES;
				ONLY_ACTIVE_ARCH = YES;
				SDKROOT = iphoneos;
				SWIFT_ACTIVE_COMPILATION_CONDITIONS = DEBUG;
				SWIFT_OPTIMIZATION_LEVEL = "-Onone";
			};
			name = Debug;
		};
		837EAE0520E8362A00837DEE /* Release */ = {
			isa = XCBuildConfiguration;
			buildSettings = {
				ALWAYS_SEARCH_USER_PATHS = NO;
				CLANG_ANALYZER_NONNULL = YES;
				CLANG_ANALYZER_NUMBER_OBJECT_CONVERSION = YES_AGGRESSIVE;
				CLANG_CXX_LANGUAGE_STANDARD = "gnu++14";
				CLANG_CXX_LIBRARY = "libc++";
				CLANG_ENABLE_MODULES = YES;
				CLANG_ENABLE_OBJC_ARC = YES;
				CLANG_ENABLE_OBJC_WEAK = YES;
				CLANG_WARN_BLOCK_CAPTURE_AUTORELEASING = YES;
				CLANG_WARN_BOOL_CONVERSION = YES;
				CLANG_WARN_COMMA = YES;
				CLANG_WARN_CONSTANT_CONVERSION = YES;
				CLANG_WARN_DEPRECATED_OBJC_IMPLEMENTATIONS = YES;
				CLANG_WARN_DIRECT_OBJC_ISA_USAGE = YES_ERROR;
				CLANG_WARN_DOCUMENTATION_COMMENTS = YES;
				CLANG_WARN_EMPTY_BODY = YES;
				CLANG_WARN_ENUM_CONVERSION = YES;
				CLANG_WARN_INFINITE_RECURSION = YES;
				CLANG_WARN_INT_CONVERSION = YES;
				CLANG_WARN_NON_LITERAL_NULL_CONVERSION = YES;
				CLANG_WARN_OBJC_IMPLICIT_RETAIN_SELF = YES;
				CLANG_WARN_OBJC_LITERAL_CONVERSION = YES;
				CLANG_WARN_OBJC_ROOT_CLASS = YES_ERROR;
				CLANG_WARN_RANGE_LOOP_ANALYSIS = YES;
				CLANG_WARN_STRICT_PROTOTYPES = YES;
				CLANG_WARN_SUSPICIOUS_MOVE = YES;
				CLANG_WARN_UNGUARDED_AVAILABILITY = YES_AGGRESSIVE;
				CLANG_WARN_UNREACHABLE_CODE = YES;
				CLANG_WARN__DUPLICATE_METHOD_MATCH = YES;
				CODE_SIGN_IDENTITY = "iPhone Developer";
				COPY_PHASE_STRIP = NO;
				DEBUG_INFORMATION_FORMAT = "dwarf-with-dsym";
				ENABLE_NS_ASSERTIONS = NO;
				ENABLE_STRICT_OBJC_MSGSEND = YES;
				GCC_C_LANGUAGE_STANDARD = gnu11;
				GCC_NO_COMMON_BLOCKS = YES;
				GCC_WARN_64_TO_32_BIT_CONVERSION = YES;
				GCC_WARN_ABOUT_RETURN_TYPE = YES_ERROR;
				GCC_WARN_UNDECLARED_SELECTOR = YES;
				GCC_WARN_UNINITIALIZED_AUTOS = YES_AGGRESSIVE;
				GCC_WARN_UNUSED_FUNCTION = YES;
				GCC_WARN_UNUSED_VARIABLE = YES;
				IPHONEOS_DEPLOYMENT_TARGET = 11.4;
				MTL_ENABLE_DEBUG_INFO = NO;
				SDKROOT = iphoneos;
				SWIFT_COMPILATION_MODE = wholemodule;
				SWIFT_OPTIMIZATION_LEVEL = "-O";
				VALIDATE_PRODUCT = YES;
			};
			name = Release;
		};
		837EAE0720E8362A00837DEE /* Debug */ = {
			isa = XCBuildConfiguration;
			baseConfigurationReference = 7ECCC5EB20EAF1BB3F8EA19B /* Pods-perx2.debug.xcconfig */;
			buildSettings = {
				ASSETCATALOG_COMPILER_APPICON_NAME = AppIcon;
				CODE_SIGN_STYLE = Automatic;
				DEVELOPMENT_TEAM = HA5USQ3XE8;
				INFOPLIST_FILE = perx2/Info.plist;
				LD_RUNPATH_SEARCH_PATHS = (
					"$(inherited)",
					"@executable_path/Frameworks",
				);
				PRODUCT_BUNDLE_IDENTIFIER = com.Rodgers.perx2;
				PRODUCT_NAME = "$(TARGET_NAME)";
				SWIFT_VERSION = 4.0;
				TARGETED_DEVICE_FAMILY = "1,2";
			};
			name = Debug;
		};
		837EAE0820E8362A00837DEE /* Release */ = {
			isa = XCBuildConfiguration;
			baseConfigurationReference = 796F8DB3433D122EBE890DE7 /* Pods-perx2.release.xcconfig */;
			buildSettings = {
				ASSETCATALOG_COMPILER_APPICON_NAME = AppIcon;
				CODE_SIGN_STYLE = Automatic;
				DEVELOPMENT_TEAM = HA5USQ3XE8;
				INFOPLIST_FILE = perx2/Info.plist;
				LD_RUNPATH_SEARCH_PATHS = (
					"$(inherited)",
					"@executable_path/Frameworks",
				);
				PRODUCT_BUNDLE_IDENTIFIER = com.Rodgers.perx2;
				PRODUCT_NAME = "$(TARGET_NAME)";
				SWIFT_VERSION = 4.0;
				TARGETED_DEVICE_FAMILY = "1,2";
			};
			name = Release;
		};
/* End XCBuildConfiguration section */

/* Begin XCConfigurationList section */
		837EADEC20E8362700837DEE /* Build configuration list for PBXProject "perx2" */ = {
			isa = XCConfigurationList;
			buildConfigurations = (
				837EAE0420E8362A00837DEE /* Debug */,
				837EAE0520E8362A00837DEE /* Release */,
			);
			defaultConfigurationIsVisible = 0;
			defaultConfigurationName = Release;
		};
		837EAE0620E8362A00837DEE /* Build configuration list for PBXNativeTarget "perx2" */ = {
			isa = XCConfigurationList;
			buildConfigurations = (
				837EAE0720E8362A00837DEE /* Debug */,
				837EAE0820E8362A00837DEE /* Release */,
			);
			defaultConfigurationIsVisible = 0;
			defaultConfigurationName = Release;
		};
/* End XCConfigurationList section */

/* Begin XCVersionGroup section */
		837EADFB20E8362800837DEE /* perx2.xcdatamodeld */ = {
			isa = XCVersionGroup;
			children = (
				837EADFC20E8362800837DEE /* perx2.xcdatamodel */,
			);
			currentVersion = 837EADFC20E8362800837DEE /* perx2.xcdatamodel */;
			path = perx2.xcdatamodeld;
			sourceTree = "<group>";
			versionGroupType = wrapper.xcdatamodel;
		};
/* End XCVersionGroup section */
	};
	rootObject = 837EADE920E8362700837DEE /* Project object */;
}
