// !$*UTF8*$!
{
	archiveVersion = 1;
	classes = {
	};
	objectVersion = 50;
	objects = {

/* Begin PBXBuildFile section */
		66E945859A2E5A4575724D4D /* Pods_perx2.framework in Frameworks */ = {isa = PBXBuildFile; fileRef = 65D194AFED45D90DBA7C55FD /* Pods_perx2.framework */; };
		8305C1DC20EBCD36004D0F3E /* home_slow copy.gpx in Resources */ = {isa = PBXBuildFile; fileRef = 8305C1DB20EBCD35004D0F3E /* home_slow copy.gpx */; };
		8305C1E620EBDAE0004D0F3E /* Villa.swift in Sources */ = {isa = PBXBuildFile; fileRef = 8305C1E020EBDADD004D0F3E /* Villa.swift */; };
		8305C1E720EBDAE0004D0F3E /* GridViewCell.swift in Sources */ = {isa = PBXBuildFile; fileRef = 8305C1E120EBDADE004D0F3E /* GridViewCell.swift */; };
		8305C1EF20EBDB01004D0F3E /* Roboto-Regular.ttf in Resources */ = {isa = PBXBuildFile; fileRef = 8305C1E920EBDAF4004D0F3E /* Roboto-Regular.ttf */; };
		8305C1F020EBDB01004D0F3E /* LoremSwiftum.swift in Sources */ = {isa = PBXBuildFile; fileRef = 8305C1EA20EBDAF9004D0F3E /* LoremSwiftum.swift */; };
		8305C1F120EBDB01004D0F3E /* Roboto-Bold.ttf in Resources */ = {isa = PBXBuildFile; fileRef = 8305C1EB20EBDAF9004D0F3E /* Roboto-Bold.ttf */; };
		8305C1F220EBDB01004D0F3E /* UIFont.swift in Sources */ = {isa = PBXBuildFile; fileRef = 8305C1EC20EBDB00004D0F3E /* UIFont.swift */; };
		8305C1F420EBDB01004D0F3E /* Roboto-Medium.ttf in Resources */ = {isa = PBXBuildFile; fileRef = 8305C1EE20EBDB01004D0F3E /* Roboto-Medium.ttf */; };
		8305C1FA20EBE052004D0F3E /* ViewController.swift in Sources */ = {isa = PBXBuildFile; fileRef = 8305C1F920EBE051004D0F3E /* ViewController.swift */; };
		832630FC20ED2FBF00473FEE /* UICircularProgressRing.framework in Embed Frameworks */ = {isa = PBXBuildFile; fileRef = 83BC1FB320EC3DC200565E7E /* UICircularProgressRing.framework */; settings = {ATTRIBUTES = (CodeSignOnCopy, RemoveHeadersOnCopy, ); }; };
		833477E720EE609D002827CA /* FoldingCell.swift in Sources */ = {isa = PBXBuildFile; fileRef = 833477E620EE609C002827CA /* FoldingCell.swift */; };
		833477EB20EE79D7002827CA /* MasterViewController.swift in Sources */ = {isa = PBXBuildFile; fileRef = 833477EA20EE79D6002827CA /* MasterViewController.swift */; };
		833477F220EE8531002827CA /* DemoElongationCell in Resources */ = {isa = PBXBuildFile; fileRef = 833477F020EE852F002827CA /* DemoElongationCell */; };
		833477F320EE8531002827CA /* GridViewCell in Resources */ = {isa = PBXBuildFile; fileRef = 833477F120EE8530002827CA /* GridViewCell */; };
		833477F620EEB66C002827CA /* UICollectionView.swift in Sources */ = {isa = PBXBuildFile; fileRef = 833477F420EEB668002827CA /* UICollectionView.swift */; };
		833477F720EEB66C002827CA /* UITableView.swift in Sources */ = {isa = PBXBuildFile; fileRef = 833477F520EEB66A002827CA /* UITableView.swift */; };
		833477F920EEBA90002827CA /* ElongationPreview in Resources */ = {isa = PBXBuildFile; fileRef = 833477F820EEBA8F002827CA /* ElongationPreview */; };
		8334780420EEBB8F002827CA /* DemoElongationCell.swift in Sources */ = {isa = PBXBuildFile; fileRef = 8334780220EEBB8D002827CA /* DemoElongationCell.swift */; };
		8334780520EEBB8F002827CA /* GridViewCell.xib in Resources */ = {isa = PBXBuildFile; fileRef = 8334780320EEBB8E002827CA /* GridViewCell.xib */; };
		8345A32E20EB9EAF00F17775 /* MarkerInfoView.xib in Resources */ = {isa = PBXBuildFile; fileRef = 8345A32A20EB9EAE00F17775 /* MarkerInfoView.xib */; };
		8345A32F20EB9EAF00F17775 /* UIViewExtension.swift in Sources */ = {isa = PBXBuildFile; fileRef = 8345A32B20EB9EAE00F17775 /* UIViewExtension.swift */; };
		8345A33020EB9EAF00F17775 /* Images.xcassets in Resources */ = {isa = PBXBuildFile; fileRef = 8345A32C20EB9EAF00F17775 /* Images.xcassets */; };
		8345A33120EB9EAF00F17775 /* MarkerInfoView.swift in Sources */ = {isa = PBXBuildFile; fileRef = 8345A32D20EB9EAF00F17775 /* MarkerInfoView.swift */; };
		8345A33420EBA71300F17775 /* TypesTableViewController.swift in Sources */ = {isa = PBXBuildFile; fileRef = 8345A33220EBA71200F17775 /* TypesTableViewController.swift */; };
		8345A33520EBA71300F17775 /* MapViewController.swift in Sources */ = {isa = PBXBuildFile; fileRef = 8345A33320EBA71300F17775 /* MapViewController.swift */; };
		8345A33A20EBA7F600F17775 /* PlaceMarker.swift in Sources */ = {isa = PBXBuildFile; fileRef = 8345A33720EBA7F400F17775 /* PlaceMarker.swift */; };
		8345A33B20EBA7F600F17775 /* GooglePlace.swift in Sources */ = {isa = PBXBuildFile; fileRef = 8345A33820EBA7F500F17775 /* GooglePlace.swift */; };
		8345A33C20EBA7F600F17775 /* GoogleDataProvider.swift in Sources */ = {isa = PBXBuildFile; fileRef = 8345A33920EBA7F500F17775 /* GoogleDataProvider.swift */; };
		8348475C20EFD291002FE72B /* LoginViewController.swift in Sources */ = {isa = PBXBuildFile; fileRef = 8348475A20EFD291002FE72B /* LoginViewController.swift */; };
		8348475D20EFD291002FE72B /* LoginViewController.xib in Resources */ = {isa = PBXBuildFile; fileRef = 8348475B20EFD291002FE72B /* LoginViewController.xib */; };
		8348475F20EFD3DE002FE72B /* HomescreenViewController.swift in Sources */ = {isa = PBXBuildFile; fileRef = 8348475E20EFD3DE002FE72B /* HomescreenViewController.swift */; };
		8348476120EFF1B5002FE72B /* Apple.png in Resources */ = {isa = PBXBuildFile; fileRef = 8348476020EFF1B2002FE72B /* Apple.png */; };
		8348476320EFF290002FE72B /* Sephora.png in Resources */ = {isa = PBXBuildFile; fileRef = 8348476220EFF28C002FE72B /* Sephora.png */; };
		8348476520EFF345002FE72B /* Inline-Logo.pdf in Resources */ = {isa = PBXBuildFile; fileRef = 8348476420EFF342002FE72B /* Inline-Logo.pdf */; };
		8348476720EFF4E4002FE72B /* Inline-Logo.pdf in Resources */ = {isa = PBXBuildFile; fileRef = 8348476620EFF4E2002FE72B /* Inline-Logo.pdf */; };
		8348476A20F11C79002FE72B /* AlamoFireViewController.swift in Sources */ = {isa = PBXBuildFile; fileRef = 8348476920F11C79002FE72B /* AlamoFireViewController.swift */; };
		837668CD20ED242E00842740 /* ProgressMeterViewController.swift in Sources */ = {isa = PBXBuildFile; fileRef = 837668CB20ED242E00842740 /* ProgressMeterViewController.swift */; };
		837668CE20ED242E00842740 /* ProgressMeterViewController.xib in Resources */ = {isa = PBXBuildFile; fileRef = 837668CC20ED242E00842740 /* ProgressMeterViewController.xib */; };
		83788E2920F2921300D31AE7 /* LocationsTableViewCell.swift in Sources */ = {isa = PBXBuildFile; fileRef = 83788E2820F2921100D31AE7 /* LocationsTableViewCell.swift */; };
		83788E2B20F2B60800D31AE7 /* Assets.xcassets in Resources */ = {isa = PBXBuildFile; fileRef = 83788E2A20F2B60300D31AE7 /* Assets.xcassets */; };
		83788E2F20F2B7BC00D31AE7 /* Assets.xcassets in Resources */ = {isa = PBXBuildFile; fileRef = 83788E2E20F2B7B700D31AE7 /* Assets.xcassets */; };
		83788E3220F2BE8E00D31AE7 /* Target.png in Resources */ = {isa = PBXBuildFile; fileRef = 83788E3020F2BE8100D31AE7 /* Target.png */; };
		83788E3320F2BE8E00D31AE7 /* Walgreens.png in Resources */ = {isa = PBXBuildFile; fileRef = 83788E3120F2BE8900D31AE7 /* Walgreens.png */; };
		83788E3520F2C18D00D31AE7 /* GNC.png in Resources */ = {isa = PBXBuildFile; fileRef = 83788E3420F2C18600D31AE7 /* GNC.png */; };
		83788E3720F2C1BD00D31AE7 /* Walgreens.png in Resources */ = {isa = PBXBuildFile; fileRef = 83788E3620F2C1B900D31AE7 /* Walgreens.png */; };
		837EADF520E8362800837DEE /* AppDelegate.swift in Sources */ = {isa = PBXBuildFile; fileRef = 837EADF420E8362800837DEE /* AppDelegate.swift */; };
		837EADFA20E8362800837DEE /* Main.storyboard in Resources */ = {isa = PBXBuildFile; fileRef = 837EADF820E8362800837DEE /* Main.storyboard */; };
		837EADFD20E8362800837DEE /* perx2.xcdatamodeld in Sources */ = {isa = PBXBuildFile; fileRef = 837EADFB20E8362800837DEE /* perx2.xcdatamodeld */; };
		837EAE1820E9265C00837DEE /* SettingsController.swift in Sources */ = {isa = PBXBuildFile; fileRef = 837EAE1720E9265C00837DEE /* SettingsController.swift */; };
		837EAE1A20E9267600837DEE /* CustomCollectionCell.swift in Sources */ = {isa = PBXBuildFile; fileRef = 837EAE1920E9267600837DEE /* CustomCollectionCell.swift */; };
		837EAE1D20E9268700837DEE /* UIColor+Random.swift in Sources */ = {isa = PBXBuildFile; fileRef = 837EAE1C20E9268600837DEE /* UIColor+Random.swift */; };
		837EAE2220E92DED00837DEE /* PerkViewController.swift in Sources */ = {isa = PBXBuildFile; fileRef = 837EAE2120E92B7300837DEE /* PerkViewController.swift */; };
		837EAE2E20E92F6F00837DEE /* LaunchScreen.storyboard in Resources */ = {isa = PBXBuildFile; fileRef = 837EAE2C20E92F6100837DEE /* LaunchScreen.storyboard */; };
		837FCF5F20F58A14005E69BD /* LocationsWrapper.swift in Sources */ = {isa = PBXBuildFile; fileRef = 837FCF5E20F58A13005E69BD /* LocationsWrapper.swift */; };
		839F304820F14D9900AD1B39 /* Location.swift in Sources */ = {isa = PBXBuildFile; fileRef = 839F304720F14D9900AD1B39 /* Location.swift */; };
		839F304C20F1540B00AD1B39 /* GoogleClient.swift in Sources */ = {isa = PBXBuildFile; fileRef = 839F304B20F1540A00AD1B39 /* GoogleClient.swift */; };
		839F304E20F1545700AD1B39 /* ResponseModels.swift in Sources */ = {isa = PBXBuildFile; fileRef = 839F304D20F1545600AD1B39 /* ResponseModels.swift */; };
		839F305E20F2691100AD1B39 /* LocationViewControllerTableViewCell.swift in Sources */ = {isa = PBXBuildFile; fileRef = 839F305D20F2690F00AD1B39 /* LocationViewControllerTableViewCell.swift */; };
		839F306020F2692900AD1B39 /* Hero.swift in Sources */ = {isa = PBXBuildFile; fileRef = 839F305F20F2692700AD1B39 /* Hero.swift */; };
		839F306220F26A6C00AD1B39 /* LocationViewController.swift in Sources */ = {isa = PBXBuildFile; fileRef = 839F306120F26A6A00AD1B39 /* LocationViewController.swift */; };
		839F306420F2703100AD1B39 /* LocationsTableViewController.swift in Sources */ = {isa = PBXBuildFile; fileRef = 839F306320F2702F00AD1B39 /* LocationsTableViewController.swift */; };
		83BC1FAC20EBF79B00565E7E /* Fonts in Resources */ = {isa = PBXBuildFile; fileRef = 83BC1FA820EBF79000565E7E /* Fonts */; };
		83BC1FAD20EBF79B00565E7E /* MainTableViewController.swift in Sources */ = {isa = PBXBuildFile; fileRef = 83BC1FA920EBF79800565E7E /* MainTableViewController.swift */; };
		83BC1FAE20EBF79B00565E7E /* DemoCell.swift in Sources */ = {isa = PBXBuildFile; fileRef = 83BC1FAA20EBF79A00565E7E /* DemoCell.swift */; };
		83BC1FB220EC389600565E7E /* UICircularProgressRingViewController.swift in Sources */ = {isa = PBXBuildFile; fileRef = 83BC1FB120EC389500565E7E /* UICircularProgressRingViewController.swift */; };
		83D0E91920EC5DE300777D7E /* saturn.png in Resources */ = {isa = PBXBuildFile; fileRef = 83D0E91820EC5DE100777D7E /* saturn.png */; };
		83D28E8F20E9C58300D36056 /* CandyTheme.swift in Sources */ = {isa = PBXBuildFile; fileRef = 83D28E8A20E9C58100D36056 /* CandyTheme.swift */; };
		83D28E9020E9C58300D36056 /* Candy.swift in Sources */ = {isa = PBXBuildFile; fileRef = 83D28E8B20E9C58100D36056 /* Candy.swift */; };
		83D28E9120E9C58300D36056 /* SearchFooter.swift in Sources */ = {isa = PBXBuildFile; fileRef = 83D28E8C20E9C58200D36056 /* SearchFooter.swift */; };
		83D28E9220E9C58300D36056 /* DepMasterViewController.swift in Sources */ = {isa = PBXBuildFile; fileRef = 83D28E8D20E9C58200D36056 /* DepMasterViewController.swift */; };
		83D28E9320E9C58300D36056 /* DetailViewController.swift in Sources */ = {isa = PBXBuildFile; fileRef = 83D28E8E20E9C58200D36056 /* DetailViewController.swift */; };
		83D28E9620E9D31100D36056 /* 7-Eleven.png in Resources */ = {isa = PBXBuildFile; fileRef = 83D28E9420E9D30E00D36056 /* 7-Eleven.png */; };
		83D28E9720E9D31100D36056 /* Walgreens.jpeg in Resources */ = {isa = PBXBuildFile; fileRef = 83D28E9520E9D30F00D36056 /* Walgreens.jpeg */; };
		83D28E9920E9D7FB00D36056 /* PerkTableViewCell.swift in Sources */ = {isa = PBXBuildFile; fileRef = 83D28E9820E9D7FB00D36056 /* PerkTableViewCell.swift */; };
		83D28E9D20EAC7BE00D36056 /* Company.swift in Sources */ = {isa = PBXBuildFile; fileRef = 83D28E9C20EAC7BE00D36056 /* Company.swift */; };
		83D28EA120EACBE500D36056 /* CompanyTableViewCell.swift in Sources */ = {isa = PBXBuildFile; fileRef = 83D28EA020EACBE500D36056 /* CompanyTableViewCell.swift */; };
		83D502AD20F402DD00D58AA6 /* RatingViewController.swift in Sources */ = {isa = PBXBuildFile; fileRef = 83D502AC20F402DD00D58AA6 /* RatingViewController.swift */; };
		83D6A96F20EC4ABC00BCD8EF /* UICircularProgressRing.framework in Frameworks */ = {isa = PBXBuildFile; fileRef = 83BC1FB320EC3DC200565E7E /* UICircularProgressRing.framework */; };
		83D6A97220EC58FD00BCD8EF /* PresentedViewController.swift in Sources */ = {isa = PBXBuildFile; fileRef = 83D6A97020EC58FB00BCD8EF /* PresentedViewController.swift */; };
		83D6A97320EC58FD00BCD8EF /* SideMenuTableViewController.swift in Sources */ = {isa = PBXBuildFile; fileRef = 83D6A97120EC58FD00BCD8EF /* SideMenuTableViewController.swift */; };
		83D6A97820EC594300BCD8EF /* MainViewController.swift in Sources */ = {isa = PBXBuildFile; fileRef = 83D6A97520EC594000BCD8EF /* MainViewController.swift */; };
		83D6A97920EC594300BCD8EF /* background.imageset in Resources */ = {isa = PBXBuildFile; fileRef = 83D6A97620EC594200BCD8EF /* background.imageset */; };
		83FE1DCE20E93122003597A8 /* covers.plist in Resources */ = {isa = PBXBuildFile; fileRef = 83FE1DCD20E93122003597A8 /* covers.plist */; };
/* End PBXBuildFile section */

/* Begin PBXCopyFilesBuildPhase section */
		83BC1FB620EC3DD300565E7E /* Embed Frameworks */ = {
			isa = PBXCopyFilesBuildPhase;
			buildActionMask = 2147483647;
			dstPath = "";
			dstSubfolderSpec = 10;
			files = (
				832630FC20ED2FBF00473FEE /* UICircularProgressRing.framework in Embed Frameworks */,
			);
			name = "Embed Frameworks";
			runOnlyForDeploymentPostprocessing = 0;
		};
/* End PBXCopyFilesBuildPhase section */

/* Begin PBXFileReference section */
		65D194AFED45D90DBA7C55FD /* Pods_perx2.framework */ = {isa = PBXFileReference; explicitFileType = wrapper.framework; includeInIndex = 0; path = Pods_perx2.framework; sourceTree = BUILT_PRODUCTS_DIR; };
		796F8DB3433D122EBE890DE7 /* Pods-perx2.release.xcconfig */ = {isa = PBXFileReference; includeInIndex = 1; lastKnownFileType = text.xcconfig; name = "Pods-perx2.release.xcconfig"; path = "Pods/Target Support Files/Pods-perx2/Pods-perx2.release.xcconfig"; sourceTree = "<group>"; };
		7ECCC5EB20EAF1BB3F8EA19B /* Pods-perx2.debug.xcconfig */ = {isa = PBXFileReference; includeInIndex = 1; lastKnownFileType = text.xcconfig; name = "Pods-perx2.debug.xcconfig"; path = "Pods/Target Support Files/Pods-perx2/Pods-perx2.debug.xcconfig"; sourceTree = "<group>"; };
		8305C1DB20EBCD35004D0F3E /* home_slow copy.gpx */ = {isa = PBXFileReference; fileEncoding = 4; lastKnownFileType = text.xml; path = "home_slow copy.gpx"; sourceTree = "<group>"; };
		8305C1E020EBDADD004D0F3E /* Villa.swift */ = {isa = PBXFileReference; fileEncoding = 4; lastKnownFileType = sourcecode.swift; path = Villa.swift; sourceTree = "<group>"; };
		8305C1E120EBDADE004D0F3E /* GridViewCell.swift */ = {isa = PBXFileReference; fileEncoding = 4; lastKnownFileType = sourcecode.swift; path = GridViewCell.swift; sourceTree = "<group>"; };
		8305C1E920EBDAF4004D0F3E /* Roboto-Regular.ttf */ = {isa = PBXFileReference; lastKnownFileType = file; path = "Roboto-Regular.ttf"; sourceTree = "<group>"; };
		8305C1EA20EBDAF9004D0F3E /* LoremSwiftum.swift */ = {isa = PBXFileReference; fileEncoding = 4; lastKnownFileType = sourcecode.swift; path = LoremSwiftum.swift; sourceTree = "<group>"; };
		8305C1EB20EBDAF9004D0F3E /* Roboto-Bold.ttf */ = {isa = PBXFileReference; lastKnownFileType = file; path = "Roboto-Bold.ttf"; sourceTree = "<group>"; };
		8305C1EC20EBDB00004D0F3E /* UIFont.swift */ = {isa = PBXFileReference; fileEncoding = 4; lastKnownFileType = sourcecode.swift; path = UIFont.swift; sourceTree = "<group>"; };
		8305C1EE20EBDB01004D0F3E /* Roboto-Medium.ttf */ = {isa = PBXFileReference; lastKnownFileType = file; path = "Roboto-Medium.ttf"; sourceTree = "<group>"; };
		8305C1F920EBE051004D0F3E /* ViewController.swift */ = {isa = PBXFileReference; fileEncoding = 4; lastKnownFileType = sourcecode.swift; name = ViewController.swift; path = "../../../Downloads/elongation-preview-master/ElongationPreviewDemo/ViewController.swift"; sourceTree = "<group>"; };
		833477E620EE609C002827CA /* FoldingCell.swift */ = {isa = PBXFileReference; lastKnownFileType = sourcecode.swift; path = FoldingCell.swift; sourceTree = "<group>"; };
		833477EA20EE79D6002827CA /* MasterViewController.swift */ = {isa = PBXFileReference; fileEncoding = 4; lastKnownFileType = sourcecode.swift; path = MasterViewController.swift; sourceTree = "<group>"; };
		833477F020EE852F002827CA /* DemoElongationCell */ = {isa = PBXFileReference; lastKnownFileType = folder; path = DemoElongationCell; sourceTree = "<group>"; };
		833477F120EE8530002827CA /* GridViewCell */ = {isa = PBXFileReference; lastKnownFileType = folder; path = GridViewCell; sourceTree = "<group>"; };
		833477F420EEB668002827CA /* UICollectionView.swift */ = {isa = PBXFileReference; fileEncoding = 4; lastKnownFileType = sourcecode.swift; path = UICollectionView.swift; sourceTree = "<group>"; };
		833477F520EEB66A002827CA /* UITableView.swift */ = {isa = PBXFileReference; fileEncoding = 4; lastKnownFileType = sourcecode.swift; path = UITableView.swift; sourceTree = "<group>"; };
		833477F820EEBA8F002827CA /* ElongationPreview */ = {isa = PBXFileReference; lastKnownFileType = folder; path = ElongationPreview; sourceTree = "<group>"; };
		833477FA20EEBB49002827CA /* DemoElongationCell.xib */ = {isa = PBXFileReference; lastKnownFileType = file.xib; path = DemoElongationCell.xib; sourceTree = "<group>"; };
		8334780220EEBB8D002827CA /* DemoElongationCell.swift */ = {isa = PBXFileReference; fileEncoding = 4; lastKnownFileType = sourcecode.swift; name = DemoElongationCell.swift; path = "../../../Downloads/elongation-preview-master-2/ElongationPreviewDemo/Views/DemoElongationCell/DemoElongationCell.swift"; sourceTree = "<group>"; };
		8334780320EEBB8E002827CA /* GridViewCell.xib */ = {isa = PBXFileReference; fileEncoding = 4; lastKnownFileType = file.xib; name = GridViewCell.xib; path = "../../../Downloads/elongation-preview-master-2/ElongationPreviewDemo/Views/GridViewCell/GridViewCell.xib"; sourceTree = "<group>"; };
		8345A32A20EB9EAE00F17775 /* MarkerInfoView.xib */ = {isa = PBXFileReference; fileEncoding = 4; lastKnownFileType = file.xib; path = MarkerInfoView.xib; sourceTree = "<group>"; };
		8345A32B20EB9EAE00F17775 /* UIViewExtension.swift */ = {isa = PBXFileReference; fileEncoding = 4; lastKnownFileType = sourcecode.swift; path = UIViewExtension.swift; sourceTree = "<group>"; };
		8345A32C20EB9EAF00F17775 /* Images.xcassets */ = {isa = PBXFileReference; lastKnownFileType = folder.assetcatalog; path = Images.xcassets; sourceTree = "<group>"; };
		8345A32D20EB9EAF00F17775 /* MarkerInfoView.swift */ = {isa = PBXFileReference; fileEncoding = 4; lastKnownFileType = sourcecode.swift; path = MarkerInfoView.swift; sourceTree = "<group>"; };
		8345A33220EBA71200F17775 /* TypesTableViewController.swift */ = {isa = PBXFileReference; fileEncoding = 4; lastKnownFileType = sourcecode.swift; path = TypesTableViewController.swift; sourceTree = "<group>"; };
		8345A33320EBA71300F17775 /* MapViewController.swift */ = {isa = PBXFileReference; fileEncoding = 4; lastKnownFileType = sourcecode.swift; path = MapViewController.swift; sourceTree = "<group>"; };
		8345A33720EBA7F400F17775 /* PlaceMarker.swift */ = {isa = PBXFileReference; fileEncoding = 4; lastKnownFileType = sourcecode.swift; path = PlaceMarker.swift; sourceTree = "<group>"; };
		8345A33820EBA7F500F17775 /* GooglePlace.swift */ = {isa = PBXFileReference; fileEncoding = 4; lastKnownFileType = sourcecode.swift; path = GooglePlace.swift; sourceTree = "<group>"; };
		8345A33920EBA7F500F17775 /* GoogleDataProvider.swift */ = {isa = PBXFileReference; fileEncoding = 4; lastKnownFileType = sourcecode.swift; path = GoogleDataProvider.swift; sourceTree = "<group>"; };
		8348475A20EFD291002FE72B /* LoginViewController.swift */ = {isa = PBXFileReference; lastKnownFileType = sourcecode.swift; path = LoginViewController.swift; sourceTree = "<group>"; };
		8348475B20EFD291002FE72B /* LoginViewController.xib */ = {isa = PBXFileReference; lastKnownFileType = file.xib; path = LoginViewController.xib; sourceTree = "<group>"; };
		8348475E20EFD3DE002FE72B /* HomescreenViewController.swift */ = {isa = PBXFileReference; lastKnownFileType = sourcecode.swift; path = HomescreenViewController.swift; sourceTree = "<group>"; };
		8348476020EFF1B2002FE72B /* Apple.png */ = {isa = PBXFileReference; lastKnownFileType = image.png; path = Apple.png; sourceTree = "<group>"; };
		8348476220EFF28C002FE72B /* Sephora.png */ = {isa = PBXFileReference; lastKnownFileType = image.png; name = Sephora.png; path = ../../.Trash/Sephora.png; sourceTree = "<group>"; };
		8348476420EFF342002FE72B /* Inline-Logo.pdf */ = {isa = PBXFileReference; lastKnownFileType = image.pdf; path = "Inline-Logo.pdf"; sourceTree = "<group>"; };
		8348476620EFF4E2002FE72B /* Inline-Logo.pdf */ = {isa = PBXFileReference; lastKnownFileType = image.pdf; path = "Inline-Logo.pdf"; sourceTree = "<group>"; };
		8348476920F11C79002FE72B /* AlamoFireViewController.swift */ = {isa = PBXFileReference; lastKnownFileType = sourcecode.swift; path = AlamoFireViewController.swift; sourceTree = "<group>"; };
		837668CB20ED242E00842740 /* ProgressMeterViewController.swift */ = {isa = PBXFileReference; lastKnownFileType = sourcecode.swift; path = ProgressMeterViewController.swift; sourceTree = "<group>"; };
		837668CC20ED242E00842740 /* ProgressMeterViewController.xib */ = {isa = PBXFileReference; lastKnownFileType = file.xib; path = ProgressMeterViewController.xib; sourceTree = "<group>"; };
		83788E2820F2921100D31AE7 /* LocationsTableViewCell.swift */ = {isa = PBXFileReference; fileEncoding = 4; lastKnownFileType = sourcecode.swift; path = LocationsTableViewCell.swift; sourceTree = "<group>"; };
		83788E2A20F2B60300D31AE7 /* Assets.xcassets */ = {isa = PBXFileReference; lastKnownFileType = folder.assetcatalog; name = Assets.xcassets; path = Controllers/Assets.xcassets; sourceTree = "<group>"; };
		83788E2E20F2B7B700D31AE7 /* Assets.xcassets */ = {isa = PBXFileReference; lastKnownFileType = folder.assetcatalog; name = Assets.xcassets; path = ../../perx2/perx2/CollectionViewSlantedLayoutDemo/Assets.xcassets; sourceTree = "<group>"; };
		83788E3020F2BE8100D31AE7 /* Target.png */ = {isa = PBXFileReference; lastKnownFileType = image.png; path = Target.png; sourceTree = "<group>"; };
		83788E3120F2BE8900D31AE7 /* Walgreens.png */ = {isa = PBXFileReference; lastKnownFileType = image.png; path = Walgreens.png; sourceTree = "<group>"; };
		83788E3420F2C18600D31AE7 /* GNC.png */ = {isa = PBXFileReference; lastKnownFileType = image.png; path = GNC.png; sourceTree = "<group>"; };
		83788E3620F2C1B900D31AE7 /* Walgreens.png */ = {isa = PBXFileReference; lastKnownFileType = image.png; path = Walgreens.png; sourceTree = "<group>"; };
		837EADF120E8362800837DEE /* perx2.app */ = {isa = PBXFileReference; explicitFileType = wrapper.application; includeInIndex = 0; path = perx2.app; sourceTree = BUILT_PRODUCTS_DIR; };
		837EADF420E8362800837DEE /* AppDelegate.swift */ = {isa = PBXFileReference; lastKnownFileType = sourcecode.swift; path = AppDelegate.swift; sourceTree = "<group>"; };
		837EADF920E8362800837DEE /* Base */ = {isa = PBXFileReference; lastKnownFileType = file.storyboard; name = Base; path = Base.lproj/Main.storyboard; sourceTree = "<group>"; };
		837EADFC20E8362800837DEE /* perx2.xcdatamodel */ = {isa = PBXFileReference; lastKnownFileType = wrapper.xcdatamodel; path = perx2.xcdatamodel; sourceTree = "<group>"; };
		837EAE0120E8362A00837DEE /* Base */ = {isa = PBXFileReference; lastKnownFileType = file.storyboard; name = Base; path = Base.lproj/LaunchScreen.storyboard; sourceTree = "<group>"; };
		837EAE0320E8362A00837DEE /* Info.plist */ = {isa = PBXFileReference; lastKnownFileType = text.plist.xml; path = Info.plist; sourceTree = "<group>"; };
		837EAE1720E9265C00837DEE /* SettingsController.swift */ = {isa = PBXFileReference; lastKnownFileType = sourcecode.swift; path = SettingsController.swift; sourceTree = "<group>"; };
		837EAE1920E9267600837DEE /* CustomCollectionCell.swift */ = {isa = PBXFileReference; lastKnownFileType = sourcecode.swift; path = CustomCollectionCell.swift; sourceTree = "<group>"; };
		837EAE1C20E9268600837DEE /* UIColor+Random.swift */ = {isa = PBXFileReference; lastKnownFileType = sourcecode.swift; name = "UIColor+Random.swift"; path = "CollectionViewSlantedLayoutDemo/UIColor+Random.swift"; sourceTree = "<group>"; };
		837EAE2120E92B7300837DEE /* PerkViewController.swift */ = {isa = PBXFileReference; lastKnownFileType = sourcecode.swift; path = PerkViewController.swift; sourceTree = "<group>"; };
		837EAE2C20E92F6100837DEE /* LaunchScreen.storyboard */ = {isa = PBXFileReference; fileEncoding = 4; lastKnownFileType = file.storyboard; path = LaunchScreen.storyboard; sourceTree = "<group>"; };
		837FCF5E20F58A13005E69BD /* LocationsWrapper.swift */ = {isa = PBXFileReference; lastKnownFileType = sourcecode.swift; path = LocationsWrapper.swift; sourceTree = "<group>"; };
		839F304720F14D9900AD1B39 /* Location.swift */ = {isa = PBXFileReference; lastKnownFileType = sourcecode.swift; path = Location.swift; sourceTree = "<group>"; };
		839F304B20F1540A00AD1B39 /* GoogleClient.swift */ = {isa = PBXFileReference; fileEncoding = 4; lastKnownFileType = sourcecode.swift; path = GoogleClient.swift; sourceTree = "<group>"; };
		839F304D20F1545600AD1B39 /* ResponseModels.swift */ = {isa = PBXFileReference; fileEncoding = 4; lastKnownFileType = sourcecode.swift; name = ResponseModels.swift; path = "../../../Downloads/GooglePlacesCodable-master/GooglePlacesCodable/ResponseModels.swift"; sourceTree = "<group>"; };
		839F305D20F2690F00AD1B39 /* LocationViewControllerTableViewCell.swift */ = {isa = PBXFileReference; fileEncoding = 4; lastKnownFileType = sourcecode.swift; path = LocationViewControllerTableViewCell.swift; sourceTree = "<group>"; };
		839F305F20F2692700AD1B39 /* Hero.swift */ = {isa = PBXFileReference; fileEncoding = 4; lastKnownFileType = sourcecode.swift; path = Hero.swift; sourceTree = "<group>"; };
		839F306120F26A6A00AD1B39 /* LocationViewController.swift */ = {isa = PBXFileReference; fileEncoding = 4; lastKnownFileType = sourcecode.swift; path = LocationViewController.swift; sourceTree = "<group>"; };
		839F306320F2702F00AD1B39 /* LocationsTableViewController.swift */ = {isa = PBXFileReference; fileEncoding = 4; lastKnownFileType = sourcecode.swift; path = LocationsTableViewController.swift; sourceTree = "<group>"; };
		83BC1FA820EBF79000565E7E /* Fonts */ = {isa = PBXFileReference; lastKnownFileType = folder; path = Fonts; sourceTree = "<group>"; };
		83BC1FA920EBF79800565E7E /* MainTableViewController.swift */ = {isa = PBXFileReference; fileEncoding = 4; lastKnownFileType = sourcecode.swift; path = MainTableViewController.swift; sourceTree = "<group>"; };
		83BC1FAA20EBF79A00565E7E /* DemoCell.swift */ = {isa = PBXFileReference; fileEncoding = 4; lastKnownFileType = sourcecode.swift; path = DemoCell.swift; sourceTree = "<group>"; };
		83BC1FB120EC389500565E7E /* UICircularProgressRingViewController.swift */ = {isa = PBXFileReference; lastKnownFileType = sourcecode.swift; path = UICircularProgressRingViewController.swift; sourceTree = "<group>"; };
		83BC1FB320EC3DC200565E7E /* UICircularProgressRing.framework */ = {isa = PBXFileReference; lastKnownFileType = wrapper.framework; name = UICircularProgressRing.framework; path = Carthage/Build/iOS/UICircularProgressRing.framework; sourceTree = "<group>"; };
		83D0E91820EC5DE100777D7E /* saturn.png */ = {isa = PBXFileReference; lastKnownFileType = image.png; path = saturn.png; sourceTree = "<group>"; };
		83D28E8A20E9C58100D36056 /* CandyTheme.swift */ = {isa = PBXFileReference; fileEncoding = 4; lastKnownFileType = sourcecode.swift; path = CandyTheme.swift; sourceTree = "<group>"; };
		83D28E8B20E9C58100D36056 /* Candy.swift */ = {isa = PBXFileReference; fileEncoding = 4; lastKnownFileType = sourcecode.swift; path = Candy.swift; sourceTree = "<group>"; };
		83D28E8C20E9C58200D36056 /* SearchFooter.swift */ = {isa = PBXFileReference; fileEncoding = 4; lastKnownFileType = sourcecode.swift; path = SearchFooter.swift; sourceTree = "<group>"; };
		83D28E8D20E9C58200D36056 /* DepMasterViewController.swift */ = {isa = PBXFileReference; fileEncoding = 4; lastKnownFileType = sourcecode.swift; path = DepMasterViewController.swift; sourceTree = "<group>"; };
		83D28E8E20E9C58200D36056 /* DetailViewController.swift */ = {isa = PBXFileReference; fileEncoding = 4; lastKnownFileType = sourcecode.swift; path = DetailViewController.swift; sourceTree = "<group>"; };
		83D28E9420E9D30E00D36056 /* 7-Eleven.png */ = {isa = PBXFileReference; lastKnownFileType = image.png; path = "7-Eleven.png"; sourceTree = "<group>"; };
		83D28E9520E9D30F00D36056 /* Walgreens.jpeg */ = {isa = PBXFileReference; lastKnownFileType = image.jpeg; path = Walgreens.jpeg; sourceTree = "<group>"; };
		83D28E9820E9D7FB00D36056 /* PerkTableViewCell.swift */ = {isa = PBXFileReference; lastKnownFileType = sourcecode.swift; path = PerkTableViewCell.swift; sourceTree = "<group>"; };
		83D28E9C20EAC7BE00D36056 /* Company.swift */ = {isa = PBXFileReference; lastKnownFileType = sourcecode.swift; path = Company.swift; sourceTree = "<group>"; };
		83D28EA020EACBE500D36056 /* CompanyTableViewCell.swift */ = {isa = PBXFileReference; lastKnownFileType = sourcecode.swift; path = CompanyTableViewCell.swift; sourceTree = "<group>"; };
		83D502AC20F402DD00D58AA6 /* RatingViewController.swift */ = {isa = PBXFileReference; lastKnownFileType = sourcecode.swift; path = RatingViewController.swift; sourceTree = "<group>"; };
		83D6A97020EC58FB00BCD8EF /* PresentedViewController.swift */ = {isa = PBXFileReference; fileEncoding = 4; lastKnownFileType = sourcecode.swift; path = PresentedViewController.swift; sourceTree = "<group>"; };
		83D6A97120EC58FD00BCD8EF /* SideMenuTableViewController.swift */ = {isa = PBXFileReference; fileEncoding = 4; lastKnownFileType = sourcecode.swift; path = SideMenuTableViewController.swift; sourceTree = "<group>"; };
		83D6A97520EC594000BCD8EF /* MainViewController.swift */ = {isa = PBXFileReference; fileEncoding = 4; lastKnownFileType = sourcecode.swift; path = MainViewController.swift; sourceTree = "<group>"; };
		83D6A97620EC594200BCD8EF /* background.imageset */ = {isa = PBXFileReference; lastKnownFileType = folder; path = background.imageset; sourceTree = "<group>"; };
		83FE1DCD20E93122003597A8 /* covers.plist */ = {isa = PBXFileReference; fileEncoding = 4; lastKnownFileType = text.plist.xml; name = covers.plist; path = Controllers/covers.plist; sourceTree = "<group>"; };
/* End PBXFileReference section */

/* Begin PBXFrameworksBuildPhase section */
		837EADEE20E8362700837DEE /* Frameworks */ = {
			isa = PBXFrameworksBuildPhase;
			buildActionMask = 2147483647;
			files = (
				83D6A96F20EC4ABC00BCD8EF /* UICircularProgressRing.framework in Frameworks */,
				66E945859A2E5A4575724D4D /* Pods_perx2.framework in Frameworks */,
			);
			runOnlyForDeploymentPostprocessing = 0;
		};
/* End PBXFrameworksBuildPhase section */

/* Begin PBXGroup section */
		4395CF39941F1ED204565E6E /* Frameworks */ = {
			isa = PBXGroup;
			children = (
				65D194AFED45D90DBA7C55FD /* Pods_perx2.framework */,
			);
			name = Frameworks;
			sourceTree = "<group>";
		};
		8345A33620EBA7DD00F17775 /* Models */ = {
			isa = PBXGroup;
			children = (
				837FCF5E20F58A13005E69BD /* LocationsWrapper.swift */,
				8345A33920EBA7F500F17775 /* GoogleDataProvider.swift */,
				8345A33820EBA7F500F17775 /* GooglePlace.swift */,
				8345A33720EBA7F400F17775 /* PlaceMarker.swift */,
			);
			name = Models;
			path = "New Group";
			sourceTree = "<group>";
		};
		8348476820EFF4F8002FE72B /* assets.xcassets */ = {
			isa = PBXGroup;
			children = (
			);
			path = assets.xcassets;
			sourceTree = "<group>";
		};
		837EADE820E8362700837DEE = {
			isa = PBXGroup;
			children = (
				833477F820EEBA8F002827CA /* ElongationPreview */,
				83BC1FB320EC3DC200565E7E /* UICircularProgressRing.framework */,
				8305C1DB20EBCD35004D0F3E /* home_slow copy.gpx */,
				837EADF320E8362800837DEE /* perx2 */,
				837EADF220E8362800837DEE /* Products */,
				D843CD11234321B342F08BFF /* Pods */,
				4395CF39941F1ED204565E6E /* Frameworks */,
			);
			sourceTree = "<group>";
		};
		837EADF220E8362800837DEE /* Products */ = {
			isa = PBXGroup;
			children = (
				837EADF120E8362800837DEE /* perx2.app */,
			);
			name = Products;
			sourceTree = "<group>";
		};
		837EADF320E8362800837DEE /* perx2 */ = {
			isa = PBXGroup;
			children = (
				83D6A97620EC594200BCD8EF /* background.imageset */,
				83BC1FAA20EBF79A00565E7E /* DemoCell.swift */,
				83788E2E20F2B7B700D31AE7 /* Assets.xcassets */,
				83BC1FA820EBF79000565E7E /* Fonts */,
				8345A33620EBA7DD00F17775 /* Models */,
				837EADF420E8362800837DEE /* AppDelegate.swift */,
				837EAE2020E92B1900837DEE /* Views */,
				837EAE1F20E92B0500837DEE /* Controllers */,
				83D28E9520E9D30F00D36056 /* Walgreens.jpeg */,
				83788E3020F2BE8100D31AE7 /* Target.png */,
				83788E3120F2BE8900D31AE7 /* Walgreens.png */,
				8348476620EFF4E2002FE72B /* Inline-Logo.pdf */,
				8348476020EFF1B2002FE72B /* Apple.png */,
				83D28E9420E9D30E00D36056 /* 7-Eleven.png */,
				8348476420EFF342002FE72B /* Inline-Logo.pdf */,
				83788E3620F2C1B900D31AE7 /* Walgreens.png */,
				83788E3420F2C18600D31AE7 /* GNC.png */,
				8348476220EFF28C002FE72B /* Sephora.png */,
				837EAE1C20E9268600837DEE /* UIColor+Random.swift */,
				837EADF820E8362800837DEE /* Main.storyboard */,
				837EAE0020E8362A00837DEE /* LaunchScreen.storyboard */,
				837EAE2C20E92F6100837DEE /* LaunchScreen.storyboard */,
				8345A32A20EB9EAE00F17775 /* MarkerInfoView.xib */,
				83788E2A20F2B60300D31AE7 /* Assets.xcassets */,
				83FE1DCD20E93122003597A8 /* covers.plist */,
				837EAE0320E8362A00837DEE /* Info.plist */,
				837EADFB20E8362800837DEE /* perx2.xcdatamodeld */,
			);
			path = perx2;
			sourceTree = "<group>";
		};
		837EAE1F20E92B0500837DEE /* Controllers */ = {
			isa = PBXGroup;
			children = (
				83BC1FA920EBF79800565E7E /* MainTableViewController.swift */,
				839F305D20F2690F00AD1B39 /* LocationViewControllerTableViewCell.swift */,
				83D0E91820EC5DE100777D7E /* saturn.png */,
				839F305F20F2692700AD1B39 /* Hero.swift */,
				833477F420EEB668002827CA /* UICollectionView.swift */,
				833477F520EEB66A002827CA /* UITableView.swift */,
				8345A33320EBA71300F17775 /* MapViewController.swift */,
				83D6A97520EC594000BCD8EF /* MainViewController.swift */,
				8345A33220EBA71200F17775 /* TypesTableViewController.swift */,
				837EAE1720E9265C00837DEE /* SettingsController.swift */,
				83D28E8B20E9C58100D36056 /* Candy.swift */,
				83D28E8A20E9C58100D36056 /* CandyTheme.swift */,
				83D28E8E20E9C58200D36056 /* DetailViewController.swift */,
				8305C1E120EBDADE004D0F3E /* GridViewCell.swift */,
				8305C1EA20EBDAF9004D0F3E /* LoremSwiftum.swift */,
				83D6A97020EC58FB00BCD8EF /* PresentedViewController.swift */,
				83D6A97120EC58FD00BCD8EF /* SideMenuTableViewController.swift */,
				8305C1EB20EBDAF9004D0F3E /* Roboto-Bold.ttf */,
				8305C1EE20EBDB01004D0F3E /* Roboto-Medium.ttf */,
				83788E2820F2921100D31AE7 /* LocationsTableViewCell.swift */,
				8305C1E920EBDAF4004D0F3E /* Roboto-Regular.ttf */,
				833477EA20EE79D6002827CA /* MasterViewController.swift */,
				8305C1EC20EBDB00004D0F3E /* UIFont.swift */,
				8305C1F920EBE051004D0F3E /* ViewController.swift */,
				839F306120F26A6A00AD1B39 /* LocationViewController.swift */,
				8305C1E020EBDADD004D0F3E /* Villa.swift */,
				83D28E8D20E9C58200D36056 /* DepMasterViewController.swift */,
				83D28E8C20E9C58200D36056 /* SearchFooter.swift */,
				837EAE2120E92B7300837DEE /* PerkViewController.swift */,
				83BC1FB120EC389500565E7E /* UICircularProgressRingViewController.swift */,
				837668CB20ED242E00842740 /* ProgressMeterViewController.swift */,
				837668CC20ED242E00842740 /* ProgressMeterViewController.xib */,
				8348475A20EFD291002FE72B /* LoginViewController.swift */,
				8348475B20EFD291002FE72B /* LoginViewController.xib */,
				839F306320F2702F00AD1B39 /* LocationsTableViewController.swift */,
				8348475E20EFD3DE002FE72B /* HomescreenViewController.swift */,
				8348476920F11C79002FE72B /* AlamoFireViewController.swift */,
				83D502AC20F402DD00D58AA6 /* RatingViewController.swift */,
			);
			path = Controllers;
			sourceTree = "<group>";
		};
		837EAE2020E92B1900837DEE /* Views */ = {
			isa = PBXGroup;
			children = (
				833477FA20EEBB49002827CA /* DemoElongationCell.xib */,
				8334780220EEBB8D002827CA /* DemoElongationCell.swift */,
				8334780320EEBB8E002827CA /* GridViewCell.xib */,
				837EAE1920E9267600837DEE /* CustomCollectionCell.swift */,
				833477F020EE852F002827CA /* DemoElongationCell */,
				833477F120EE8530002827CA /* GridViewCell */,
				833477E620EE609C002827CA /* FoldingCell.swift */,
				83D28E9820E9D7FB00D36056 /* PerkTableViewCell.swift */,
				83D28E9C20EAC7BE00D36056 /* Company.swift */,
				8348476820EFF4F8002FE72B /* assets.xcassets */,
				8345A32C20EB9EAF00F17775 /* Images.xcassets */,
				8345A32D20EB9EAF00F17775 /* MarkerInfoView.swift */,
				8345A32B20EB9EAE00F17775 /* UIViewExtension.swift */,
				83D28EA020EACBE500D36056 /* CompanyTableViewCell.swift */,
				839F304720F14D9900AD1B39 /* Location.swift */,
				839F304B20F1540A00AD1B39 /* GoogleClient.swift */,
				839F304D20F1545600AD1B39 /* ResponseModels.swift */,
			);
			path = Views;
			sourceTree = "<group>";
		};
		D843CD11234321B342F08BFF /* Pods */ = {
			isa = PBXGroup;
			children = (
				7ECCC5EB20EAF1BB3F8EA19B /* Pods-perx2.debug.xcconfig */,
				796F8DB3433D122EBE890DE7 /* Pods-perx2.release.xcconfig */,
			);
			name = Pods;
			sourceTree = "<group>";
		};
/* End PBXGroup section */

/* Begin PBXNativeTarget section */
		837EADF020E8362700837DEE /* perx2 */ = {
			isa = PBXNativeTarget;
			buildConfigurationList = 837EAE0620E8362A00837DEE /* Build configuration list for PBXNativeTarget "perx2" */;
			buildPhases = (
				B3B95C1E190DC8ED900021A3 /* [CP] Check Pods Manifest.lock */,
				837EADED20E8362700837DEE /* Sources */,
				837EADEE20E8362700837DEE /* Frameworks */,
				837EADEF20E8362700837DEE /* Resources */,
				4630B0246179AB5AAAF5D4AB /* [CP] Embed Pods Frameworks */,
				826DD29873AD494770DCB8B5 /* [CP] Copy Pods Resources */,
				83BC1FB620EC3DD300565E7E /* Embed Frameworks */,
				832630FB20ED2F9000473FEE /* ShellScript */,
			);
			buildRules = (
			);
			dependencies = (
			);
			name = perx2;
			productName = perx2;
			productReference = 837EADF120E8362800837DEE /* perx2.app */;
			productType = "com.apple.product-type.application";
		};
/* End PBXNativeTarget section */

/* Begin PBXProject section */
		837EADE920E8362700837DEE /* Project object */ = {
			isa = PBXProject;
			attributes = {
				LastSwiftUpdateCheck = 0940;
				LastUpgradeCheck = 0940;
				ORGANIZATIONNAME = "Montreaux Rodgers";
				TargetAttributes = {
					837EADF020E8362700837DEE = {
						CreatedOnToolsVersion = 9.4.1;
					};
				};
			};
			buildConfigurationList = 837EADEC20E8362700837DEE /* Build configuration list for PBXProject "perx2" */;
			compatibilityVersion = "Xcode 9.3";
			developmentRegion = en;
			hasScannedForEncodings = 0;
			knownRegions = (
				en,
				Base,
			);
			mainGroup = 837EADE820E8362700837DEE;
			productRefGroup = 837EADF220E8362800837DEE /* Products */;
			projectDirPath = "";
			projectRoot = "";
			targets = (
				837EADF020E8362700837DEE /* perx2 */,
			);
		};
/* End PBXProject section */

/* Begin PBXResourcesBuildPhase section */
		837EADEF20E8362700837DEE /* Resources */ = {
			isa = PBXResourcesBuildPhase;
			buildActionMask = 2147483647;
			files = (
				83BC1FAC20EBF79B00565E7E /* Fonts in Resources */,
				8345A33020EB9EAF00F17775 /* Images.xcassets in Resources */,
				8305C1F120EBDB01004D0F3E /* Roboto-Bold.ttf in Resources */,
				837668CE20ED242E00842740 /* ProgressMeterViewController.xib in Resources */,
				837EAE2E20E92F6F00837DEE /* LaunchScreen.storyboard in Resources */,
				83788E3220F2BE8E00D31AE7 /* Target.png in Resources */,
				83D28E9620E9D31100D36056 /* 7-Eleven.png in Resources */,
				83788E2F20F2B7BC00D31AE7 /* Assets.xcassets in Resources */,
				83FE1DCE20E93122003597A8 /* covers.plist in Resources */,
				8334780520EEBB8F002827CA /* GridViewCell.xib in Resources */,
				833477F320EE8531002827CA /* GridViewCell in Resources */,
				83D0E91920EC5DE300777D7E /* saturn.png in Resources */,
				83788E3320F2BE8E00D31AE7 /* Walgreens.png in Resources */,
				8348476320EFF290002FE72B /* Sephora.png in Resources */,
				83D6A97920EC594300BCD8EF /* background.imageset in Resources */,
				8305C1EF20EBDB01004D0F3E /* Roboto-Regular.ttf in Resources */,
				8348476520EFF345002FE72B /* Inline-Logo.pdf in Resources */,
				8345A32E20EB9EAF00F17775 /* MarkerInfoView.xib in Resources */,
				8348475D20EFD291002FE72B /* LoginViewController.xib in Resources */,
				83D28E9720E9D31100D36056 /* Walgreens.jpeg in Resources */,
				8348476120EFF1B5002FE72B /* Apple.png in Resources */,
				833477F220EE8531002827CA /* DemoElongationCell in Resources */,
				83788E3720F2C1BD00D31AE7 /* Walgreens.png in Resources */,
				8305C1F420EBDB01004D0F3E /* Roboto-Medium.ttf in Resources */,
				8348476720EFF4E4002FE72B /* Inline-Logo.pdf in Resources */,
				83788E3520F2C18D00D31AE7 /* GNC.png in Resources */,
				837EADFA20E8362800837DEE /* Main.storyboard in Resources */,
				833477F920EEBA90002827CA /* ElongationPreview in Resources */,
				8305C1DC20EBCD36004D0F3E /* home_slow copy.gpx in Resources */,
				83788E2B20F2B60800D31AE7 /* Assets.xcassets in Resources */,
			);
			runOnlyForDeploymentPostprocessing = 0;
		};
/* End PBXResourcesBuildPhase section */

/* Begin PBXShellScriptBuildPhase section */
		4630B0246179AB5AAAF5D4AB /* [CP] Embed Pods Frameworks */ = {
			isa = PBXShellScriptBuildPhase;
			buildActionMask = 2147483647;
			files = (
			);
			inputPaths = (
				"${SRCROOT}/Pods/Target Support Files/Pods-perx2/Pods-perx2-frameworks.sh",
				"${BUILT_PRODUCTS_DIR}/Alamofire/Alamofire.framework",
				"${BUILT_PRODUCTS_DIR}/AlamofireImage/AlamofireImage.framework",
				"${BUILT_PRODUCTS_DIR}/ChameleonFramework/ChameleonFramework.framework",
				"${BUILT_PRODUCTS_DIR}/CollectionViewSlantedLayout/CollectionViewSlantedLayout.framework",
				"${BUILT_PRODUCTS_DIR}/ElongationPreview/ElongationPreview.framework",
				"${BUILT_PRODUCTS_DIR}/GoogleToolboxForMac/GoogleToolboxForMac.framework",
				"${BUILT_PRODUCTS_DIR}/KYCircularProgress/KYCircularProgress.framework",
				"${BUILT_PRODUCTS_DIR}/MBCircularProgressBar/MBCircularProgressBar.framework",
				"${BUILT_PRODUCTS_DIR}/NVActivityIndicatorView/NVActivityIndicatorView.framework",
				"${BUILT_PRODUCTS_DIR}/OpenLocate/OpenLocate.framework",
				"${BUILT_PRODUCTS_DIR}/ProgressMeter/ProgressMeter.framework",
				"${BUILT_PRODUCTS_DIR}/SideMenu/SideMenu.framework",
				"${BUILT_PRODUCTS_DIR}/SwiftyJSON/SwiftyJSON.framework",
				"${BUILT_PRODUCTS_DIR}/TTGEmojiRate/TTGEmojiRate.framework",
				"${BUILT_PRODUCTS_DIR}/UICircularProgressRing/UICircularProgressRing.framework",
				"${BUILT_PRODUCTS_DIR}/leveldb-library/leveldb.framework",
			);
			name = "[CP] Embed Pods Frameworks";
			outputPaths = (
				"${TARGET_BUILD_DIR}/${FRAMEWORKS_FOLDER_PATH}/Alamofire.framework",
				"${TARGET_BUILD_DIR}/${FRAMEWORKS_FOLDER_PATH}/AlamofireImage.framework",
				"${TARGET_BUILD_DIR}/${FRAMEWORKS_FOLDER_PATH}/ChameleonFramework.framework",
				"${TARGET_BUILD_DIR}/${FRAMEWORKS_FOLDER_PATH}/CollectionViewSlantedLayout.framework",
				"${TARGET_BUILD_DIR}/${FRAMEWORKS_FOLDER_PATH}/ElongationPreview.framework",
				"${TARGET_BUILD_DIR}/${FRAMEWORKS_FOLDER_PATH}/GoogleToolboxForMac.framework",
				"${TARGET_BUILD_DIR}/${FRAMEWORKS_FOLDER_PATH}/KYCircularProgress.framework",
				"${TARGET_BUILD_DIR}/${FRAMEWORKS_FOLDER_PATH}/MBCircularProgressBar.framework",
				"${TARGET_BUILD_DIR}/${FRAMEWORKS_FOLDER_PATH}/NVActivityIndicatorView.framework",
				"${TARGET_BUILD_DIR}/${FRAMEWORKS_FOLDER_PATH}/OpenLocate.framework",
				"${TARGET_BUILD_DIR}/${FRAMEWORKS_FOLDER_PATH}/ProgressMeter.framework",
				"${TARGET_BUILD_DIR}/${FRAMEWORKS_FOLDER_PATH}/SideMenu.framework",
				"${TARGET_BUILD_DIR}/${FRAMEWORKS_FOLDER_PATH}/SwiftyJSON.framework",
				"${TARGET_BUILD_DIR}/${FRAMEWORKS_FOLDER_PATH}/TTGEmojiRate.framework",
				"${TARGET_BUILD_DIR}/${FRAMEWORKS_FOLDER_PATH}/UICircularProgressRing.framework",
				"${TARGET_BUILD_DIR}/${FRAMEWORKS_FOLDER_PATH}/leveldb.framework",
			);
			runOnlyForDeploymentPostprocessing = 0;
			shellPath = /bin/sh;
			shellScript = "\"${SRCROOT}/Pods/Target Support Files/Pods-perx2/Pods-perx2-frameworks.sh\"\n";
			showEnvVarsInLog = 0;
		};
		826DD29873AD494770DCB8B5 /* [CP] Copy Pods Resources */ = {
			isa = PBXShellScriptBuildPhase;
			buildActionMask = 2147483647;
			files = (
			);
			inputPaths = (
				"${SRCROOT}/Pods/Target Support Files/Pods-perx2/Pods-perx2-resources.sh",
				"${PODS_ROOT}/GoogleMaps/Maps/Frameworks/GoogleMaps.framework/Resources/GoogleMaps.bundle",
				"${PODS_ROOT}/GooglePlacePicker/Frameworks/GooglePlacePicker.framework/Resources/GooglePlacePicker.bundle",
				"${PODS_ROOT}/GooglePlaces/Frameworks/GooglePlaces.framework/Resources/GooglePlaces.bundle",
			);
			name = "[CP] Copy Pods Resources";
			outputPaths = (
				"${TARGET_BUILD_DIR}/${UNLOCALIZED_RESOURCES_FOLDER_PATH}/GoogleMaps.bundle",
				"${TARGET_BUILD_DIR}/${UNLOCALIZED_RESOURCES_FOLDER_PATH}/GooglePlacePicker.bundle",
				"${TARGET_BUILD_DIR}/${UNLOCALIZED_RESOURCES_FOLDER_PATH}/GooglePlaces.bundle",
			);
			runOnlyForDeploymentPostprocessing = 0;
			shellPath = /bin/sh;
			shellScript = "\"${SRCROOT}/Pods/Target Support Files/Pods-perx2/Pods-perx2-resources.sh\"\n";
			showEnvVarsInLog = 0;
		};
		832630FB20ED2F9000473FEE /* ShellScript */ = {
			isa = PBXShellScriptBuildPhase;
			buildActionMask = 2147483647;
			files = (
			);
			inputPaths = (
			);
			outputPaths = (
			);
			runOnlyForDeploymentPostprocessing = 0;
			shellPath = /bin/sh;
			shellScript = "for f in $(find $CODESIGNING_FOLDER_PATH -name '*.framework')\ndo\ncodesign --force --sign \"${CODE_SIGN_IDENTITY}\" --preserve-metadata=identifier,entitlements --timestamp=none \"$f\"\ndone";
		};
		B3B95C1E190DC8ED900021A3 /* [CP] Check Pods Manifest.lock */ = {
			isa = PBXShellScriptBuildPhase;
			buildActionMask = 2147483647;
			files = (
			);
			inputPaths = (
				"${PODS_PODFILE_DIR_PATH}/Podfile.lock",
				"${PODS_ROOT}/Manifest.lock",
			);
			name = "[CP] Check Pods Manifest.lock";
			outputPaths = (
				"$(DERIVED_FILE_DIR)/Pods-perx2-checkManifestLockResult.txt",
			);
			runOnlyForDeploymentPostprocessing = 0;
			shellPath = /bin/sh;
			shellScript = "diff \"${PODS_PODFILE_DIR_PATH}/Podfile.lock\" \"${PODS_ROOT}/Manifest.lock\" > /dev/null\nif [ $? != 0 ] ; then\n    # print error to STDERR\n    echo \"error: The sandbox is not in sync with the Podfile.lock. Run 'pod install' or update your CocoaPods installation.\" >&2\n    exit 1\nfi\n# This output is used by Xcode 'outputs' to avoid re-running this script phase.\necho \"SUCCESS\" > \"${SCRIPT_OUTPUT_FILE_0}\"\n";
			showEnvVarsInLog = 0;
		};
/* End PBXShellScriptBuildPhase section */

/* Begin PBXSourcesBuildPhase section */
		837EADED20E8362700837DEE /* Sources */ = {
			isa = PBXSourcesBuildPhase;
			buildActionMask = 2147483647;
			files = (
				8348476A20F11C79002FE72B /* AlamoFireViewController.swift in Sources */,
				8345A32F20EB9EAF00F17775 /* UIViewExtension.swift in Sources */,
				83D6A97220EC58FD00BCD8EF /* PresentedViewController.swift in Sources */,
				8345A33C20EBA7F600F17775 /* GoogleDataProvider.swift in Sources */,
				8345A33420EBA71300F17775 /* TypesTableViewController.swift in Sources */,
				8345A33B20EBA7F600F17775 /* GooglePlace.swift in Sources */,
				83D28E9320E9C58300D36056 /* DetailViewController.swift in Sources */,
				83D28E9920E9D7FB00D36056 /* PerkTableViewCell.swift in Sources */,
				837FCF5F20F58A14005E69BD /* LocationsWrapper.swift in Sources */,
				83D6A97820EC594300BCD8EF /* MainViewController.swift in Sources */,
				839F306020F2692900AD1B39 /* Hero.swift in Sources */,
				83D28E9220E9C58300D36056 /* DepMasterViewController.swift in Sources */,
				83BC1FAD20EBF79B00565E7E /* MainTableViewController.swift in Sources */,
				8305C1E620EBDAE0004D0F3E /* Villa.swift in Sources */,
				83D6A97320EC58FD00BCD8EF /* SideMenuTableViewController.swift in Sources */,
				83D28EA120EACBE500D36056 /* CompanyTableViewCell.swift in Sources */,
				839F306220F26A6C00AD1B39 /* LocationViewController.swift in Sources */,
				839F304E20F1545700AD1B39 /* ResponseModels.swift in Sources */,
				839F305E20F2691100AD1B39 /* LocationViewControllerTableViewCell.swift in Sources */,
				8305C1F020EBDB01004D0F3E /* LoremSwiftum.swift in Sources */,
				837EAE2220E92DED00837DEE /* PerkViewController.swift in Sources */,
				8345A33A20EBA7F600F17775 /* PlaceMarker.swift in Sources */,
				83BC1FAE20EBF79B00565E7E /* DemoCell.swift in Sources */,
				837EAE1820E9265C00837DEE /* SettingsController.swift in Sources */,
				83D28E8F20E9C58300D36056 /* CandyTheme.swift in Sources */,
				83788E2920F2921300D31AE7 /* LocationsTableViewCell.swift in Sources */,
				8305C1E720EBDAE0004D0F3E /* GridViewCell.swift in Sources */,
				8305C1F220EBDB01004D0F3E /* UIFont.swift in Sources */,
				8345A33120EB9EAF00F17775 /* MarkerInfoView.swift in Sources */,
				833477E720EE609D002827CA /* FoldingCell.swift in Sources */,
				8305C1FA20EBE052004D0F3E /* ViewController.swift in Sources */,
				837EAE1A20E9267600837DEE /* CustomCollectionCell.swift in Sources */,
				83D502AD20F402DD00D58AA6 /* RatingViewController.swift in Sources */,
				83D28E9120E9C58300D36056 /* SearchFooter.swift in Sources */,
				837668CD20ED242E00842740 /* ProgressMeterViewController.swift in Sources */,
				839F306420F2703100AD1B39 /* LocationsTableViewController.swift in Sources */,
				83BC1FB220EC389600565E7E /* UICircularProgressRingViewController.swift in Sources */,
				8348475C20EFD291002FE72B /* LoginViewController.swift in Sources */,
				83D28E9D20EAC7BE00D36056 /* Company.swift in Sources */,
				833477F720EEB66C002827CA /* UITableView.swift in Sources */,
				8334780420EEBB8F002827CA /* DemoElongationCell.swift in Sources */,
				8345A33520EBA71300F17775 /* MapViewController.swift in Sources */,
				839F304820F14D9900AD1B39 /* Location.swift in Sources */,
				837EADF520E8362800837DEE /* AppDelegate.swift in Sources */,
				833477F620EEB66C002827CA /* UICollectionView.swift in Sources */,
				833477EB20EE79D7002827CA /* MasterViewController.swift in Sources */,
				83D28E9020E9C58300D36056 /* Candy.swift in Sources */,
				837EAE1D20E9268700837DEE /* UIColor+Random.swift in Sources */,
				839F304C20F1540B00AD1B39 /* GoogleClient.swift in Sources */,
				8348475F20EFD3DE002FE72B /* HomescreenViewController.swift in Sources */,
				837EADFD20E8362800837DEE /* perx2.xcdatamodeld in Sources */,
			);
			runOnlyForDeploymentPostprocessing = 0;
		};
/* End PBXSourcesBuildPhase section */

/* Begin PBXVariantGroup section */
		837EADF820E8362800837DEE /* Main.storyboard */ = {
			isa = PBXVariantGroup;
			children = (
				837EADF920E8362800837DEE /* Base */,
			);
			name = Main.storyboard;
			sourceTree = "<group>";
		};
		837EAE0020E8362A00837DEE /* LaunchScreen.storyboard */ = {
			isa = PBXVariantGroup;
			children = (
				837EAE0120E8362A00837DEE /* Base */,
			);
			name = LaunchScreen.storyboard;
			sourceTree = "<group>";
		};
/* End PBXVariantGroup section */

/* Begin XCBuildConfiguration section */
		837EAE0420E8362A00837DEE /* Debug */ = {
			isa = XCBuildConfiguration;
			buildSettings = {
				ALWAYS_SEARCH_USER_PATHS = NO;
				CLANG_ANALYZER_NONNULL = YES;
				CLANG_ANALYZER_NUMBER_OBJECT_CONVERSION = YES_AGGRESSIVE;
				CLANG_CXX_LANGUAGE_STANDARD = "gnu++14";
				CLANG_CXX_LIBRARY = "libc++";
				CLANG_ENABLE_MODULES = YES;
				CLANG_ENABLE_OBJC_ARC = YES;
				CLANG_ENABLE_OBJC_WEAK = YES;
				CLANG_WARN_BLOCK_CAPTURE_AUTORELEASING = YES;
				CLANG_WARN_BOOL_CONVERSION = YES;
				CLANG_WARN_COMMA = YES;
				CLANG_WARN_CONSTANT_CONVERSION = YES;
				CLANG_WARN_DEPRECATED_OBJC_IMPLEMENTATIONS = YES;
				CLANG_WARN_DIRECT_OBJC_ISA_USAGE = YES_ERROR;
				CLANG_WARN_DOCUMENTATION_COMMENTS = YES;
				CLANG_WARN_EMPTY_BODY = YES;
				CLANG_WARN_ENUM_CONVERSION = YES;
				CLANG_WARN_INFINITE_RECURSION = YES;
				CLANG_WARN_INT_CONVERSION = YES;
				CLANG_WARN_NON_LITERAL_NULL_CONVERSION = YES;
				CLANG_WARN_OBJC_IMPLICIT_RETAIN_SELF = YES;
				CLANG_WARN_OBJC_LITERAL_CONVERSION = YES;
				CLANG_WARN_OBJC_ROOT_CLASS = YES_ERROR;
				CLANG_WARN_RANGE_LOOP_ANALYSIS = YES;
				CLANG_WARN_STRICT_PROTOTYPES = YES;
				CLANG_WARN_SUSPICIOUS_MOVE = YES;
				CLANG_WARN_UNGUARDED_AVAILABILITY = YES_AGGRESSIVE;
				CLANG_WARN_UNREACHABLE_CODE = YES;
				CLANG_WARN__DUPLICATE_METHOD_MATCH = YES;
				CODE_SIGN_IDENTITY = "iPhone Developer";
				COPY_PHASE_STRIP = NO;
				DEBUG_INFORMATION_FORMAT = dwarf;
				ENABLE_STRICT_OBJC_MSGSEND = YES;
				ENABLE_TESTABILITY = YES;
				GCC_C_LANGUAGE_STANDARD = gnu11;
				GCC_DYNAMIC_NO_PIC = NO;
				GCC_NO_COMMON_BLOCKS = YES;
				GCC_OPTIMIZATION_LEVEL = 0;
				GCC_PREPROCESSOR_DEFINITIONS = (
					"DEBUG=1",
					"$(inherited)",
				);
				GCC_WARN_64_TO_32_BIT_CONVERSION = YES;
				GCC_WARN_ABOUT_RETURN_TYPE = YES_ERROR;
				GCC_WARN_UNDECLARED_SELECTOR = YES;
				GCC_WARN_UNINITIALIZED_AUTOS = YES_AGGRESSIVE;
				GCC_WARN_UNUSED_FUNCTION = YES;
				GCC_WARN_UNUSED_VARIABLE = YES;
				IPHONEOS_DEPLOYMENT_TARGET = 11.4;
				MTL_ENABLE_DEBUG_INFO = YES;
				ONLY_ACTIVE_ARCH = YES;
				SDKROOT = iphoneos;
				SWIFT_ACTIVE_COMPILATION_CONDITIONS = DEBUG;
				SWIFT_OPTIMIZATION_LEVEL = "-Onone";
			};
			name = Debug;
		};
		837EAE0520E8362A00837DEE /* Release */ = {
			isa = XCBuildConfiguration;
			buildSettings = {
				ALWAYS_SEARCH_USER_PATHS = NO;
				CLANG_ANALYZER_NONNULL = YES;
				CLANG_ANALYZER_NUMBER_OBJECT_CONVERSION = YES_AGGRESSIVE;
				CLANG_CXX_LANGUAGE_STANDARD = "gnu++14";
				CLANG_CXX_LIBRARY = "libc++";
				CLANG_ENABLE_MODULES = YES;
				CLANG_ENABLE_OBJC_ARC = YES;
				CLANG_ENABLE_OBJC_WEAK = YES;
				CLANG_WARN_BLOCK_CAPTURE_AUTORELEASING = YES;
				CLANG_WARN_BOOL_CONVERSION = YES;
				CLANG_WARN_COMMA = YES;
				CLANG_WARN_CONSTANT_CONVERSION = YES;
				CLANG_WARN_DEPRECATED_OBJC_IMPLEMENTATIONS = YES;
				CLANG_WARN_DIRECT_OBJC_ISA_USAGE = YES_ERROR;
				CLANG_WARN_DOCUMENTATION_COMMENTS = YES;
				CLANG_WARN_EMPTY_BODY = YES;
				CLANG_WARN_ENUM_CONVERSION = YES;
				CLANG_WARN_INFINITE_RECURSION = YES;
				CLANG_WARN_INT_CONVERSION = YES;
				CLANG_WARN_NON_LITERAL_NULL_CONVERSION = YES;
				CLANG_WARN_OBJC_IMPLICIT_RETAIN_SELF = YES;
				CLANG_WARN_OBJC_LITERAL_CONVERSION = YES;
				CLANG_WARN_OBJC_ROOT_CLASS = YES_ERROR;
				CLANG_WARN_RANGE_LOOP_ANALYSIS = YES;
				CLANG_WARN_STRICT_PROTOTYPES = YES;
				CLANG_WARN_SUSPICIOUS_MOVE = YES;
				CLANG_WARN_UNGUARDED_AVAILABILITY = YES_AGGRESSIVE;
				CLANG_WARN_UNREACHABLE_CODE = YES;
				CLANG_WARN__DUPLICATE_METHOD_MATCH = YES;
				CODE_SIGN_IDENTITY = "iPhone Developer";
				COPY_PHASE_STRIP = NO;
				DEBUG_INFORMATION_FORMAT = "dwarf-with-dsym";
				ENABLE_NS_ASSERTIONS = NO;
				ENABLE_STRICT_OBJC_MSGSEND = YES;
				GCC_C_LANGUAGE_STANDARD = gnu11;
				GCC_NO_COMMON_BLOCKS = YES;
				GCC_WARN_64_TO_32_BIT_CONVERSION = YES;
				GCC_WARN_ABOUT_RETURN_TYPE = YES_ERROR;
				GCC_WARN_UNDECLARED_SELECTOR = YES;
				GCC_WARN_UNINITIALIZED_AUTOS = YES_AGGRESSIVE;
				GCC_WARN_UNUSED_FUNCTION = YES;
				GCC_WARN_UNUSED_VARIABLE = YES;
				IPHONEOS_DEPLOYMENT_TARGET = 11.4;
				MTL_ENABLE_DEBUG_INFO = NO;
				SDKROOT = iphoneos;
				SWIFT_COMPILATION_MODE = wholemodule;
				SWIFT_OPTIMIZATION_LEVEL = "-O";
				VALIDATE_PRODUCT = YES;
			};
			name = Release;
		};
		837EAE0720E8362A00837DEE /* Debug */ = {
			isa = XCBuildConfiguration;
			baseConfigurationReference = 7ECCC5EB20EAF1BB3F8EA19B /* Pods-perx2.debug.xcconfig */;
			buildSettings = {
				ASSETCATALOG_COMPILER_APPICON_NAME = AppIcon;
				CODE_SIGN_STYLE = Automatic;
				DEVELOPMENT_TEAM = HA5USQ3XE8;
				FRAMEWORK_SEARCH_PATHS = (
					"$(inherited)",
					"$(PROJECT_DIR)/Carthage/Build/iOS",
				);
				INFOPLIST_FILE = perx2/Info.plist;
				LD_RUNPATH_SEARCH_PATHS = (
					"$(inherited)",
					"@executable_path/Frameworks",
				);
				PRODUCT_BUNDLE_IDENTIFIER = com.Rodgers.perx2;
				PRODUCT_NAME = "$(TARGET_NAME)";
				SWIFT_VERSION = 4.0;
				TARGETED_DEVICE_FAMILY = "1,2";
			};
			name = Debug;
		};
		837EAE0820E8362A00837DEE /* Release */ = {
			isa = XCBuildConfiguration;
			baseConfigurationReference = 796F8DB3433D122EBE890DE7 /* Pods-perx2.release.xcconfig */;
			buildSettings = {
				ASSETCATALOG_COMPILER_APPICON_NAME = AppIcon;
				CODE_SIGN_STYLE = Automatic;
				DEVELOPMENT_TEAM = HA5USQ3XE8;
				FRAMEWORK_SEARCH_PATHS = (
					"$(inherited)",
					"$(PROJECT_DIR)/Carthage/Build/iOS",
				);
				INFOPLIST_FILE = perx2/Info.plist;
				LD_RUNPATH_SEARCH_PATHS = (
					"$(inherited)",
					"@executable_path/Frameworks",
				);
				PRODUCT_BUNDLE_IDENTIFIER = com.Rodgers.perx2;
				PRODUCT_NAME = "$(TARGET_NAME)";
				SWIFT_VERSION = 4.0;
				TARGETED_DEVICE_FAMILY = "1,2";
			};
			name = Release;
		};
/* End XCBuildConfiguration section */

/* Begin XCConfigurationList section */
		837EADEC20E8362700837DEE /* Build configuration list for PBXProject "perx2" */ = {
			isa = XCConfigurationList;
			buildConfigurations = (
				837EAE0420E8362A00837DEE /* Debug */,
				837EAE0520E8362A00837DEE /* Release */,
			);
			defaultConfigurationIsVisible = 0;
			defaultConfigurationName = Release;
		};
		837EAE0620E8362A00837DEE /* Build configuration list for PBXNativeTarget "perx2" */ = {
			isa = XCConfigurationList;
			buildConfigurations = (
				837EAE0720E8362A00837DEE /* Debug */,
				837EAE0820E8362A00837DEE /* Release */,
			);
			defaultConfigurationIsVisible = 0;
			defaultConfigurationName = Release;
		};
/* End XCConfigurationList section */

/* Begin XCVersionGroup section */
		837EADFB20E8362800837DEE /* perx2.xcdatamodeld */ = {
			isa = XCVersionGroup;
			children = (
				837EADFC20E8362800837DEE /* perx2.xcdatamodel */,
			);
			currentVersion = 837EADFC20E8362800837DEE /* perx2.xcdatamodel */;
			path = perx2.xcdatamodeld;
			sourceTree = "<group>";
			versionGroupType = wrapper.xcdatamodel;
		};
/* End XCVersionGroup section */
	};
	rootObject = 837EADE920E8362700837DEE /* Project object */;
}
